// !$*UTF8*$!
{
	archiveVersion = 1;
	classes = {
	};
	objectVersion = 56;
	objects = {

/* Begin PBXBuildFile section */
		0818F2B32B035A3B0086BA2C /* Validators.swift in Sources */ = {isa = PBXBuildFile; fileRef = 0818F2B22B035A3B0086BA2C /* Validators.swift */; };
		081B133E2B10FF4A0037DECB /* PagerView.swift in Sources */ = {isa = PBXBuildFile; fileRef = 081B133D2B10FF4A0037DECB /* PagerView.swift */; };
		081B13412B113F1D0037DECB /* SwiftUIPager in Frameworks */ = {isa = PBXBuildFile; productRef = 081B13402B113F1D0037DECB /* SwiftUIPager */; };
		082A689E2B04ADFE0065E136 /* APIPath.swift in Sources */ = {isa = PBXBuildFile; fileRef = 082A689D2B04ADFE0065E136 /* APIPath.swift */; };
		082A68A02B04AE0F0065E136 /* config.plist in Resources */ = {isa = PBXBuildFile; fileRef = 082A689F2B04AE0F0065E136 /* config.plist */; };
		083175A42B0342A0007D1684 /* Constants.swift in Sources */ = {isa = PBXBuildFile; fileRef = 083175A32B0342A0007D1684 /* Constants.swift */; };
		083175A62B0342FD007D1684 /* AlertService.swift in Sources */ = {isa = PBXBuildFile; fileRef = 083175A52B0342FC007D1684 /* AlertService.swift */; };
		08334DE32B25243F0080AADA /* AuthViewModel.swift in Sources */ = {isa = PBXBuildFile; fileRef = 08334DE22B25243F0080AADA /* AuthViewModel.swift */; };
		083771DB2B03999F00429B5F /* GoogleService-Info.plist in Resources */ = {isa = PBXBuildFile; fileRef = 083771DA2B03999F00429B5F /* GoogleService-Info.plist */; };
		083771DE2B039C9E00429B5F /* FirebaseAuth in Frameworks */ = {isa = PBXBuildFile; productRef = 083771DD2B039C9E00429B5F /* FirebaseAuth */; };
		083771E02B0422A800429B5F /* APIService.swift in Sources */ = {isa = PBXBuildFile; fileRef = 083771DF2B0422A800429B5F /* APIService.swift */; };
		0885A9532AF7DE3200AD4F30 /* UserModel.swift in Sources */ = {isa = PBXBuildFile; fileRef = 0885A9522AF7DE3200AD4F30 /* UserModel.swift */; };
		0885A9552AF7DED000AD4F30 /* InitialView.swift in Sources */ = {isa = PBXBuildFile; fileRef = 0885A9542AF7DED000AD4F30 /* InitialView.swift */; };
		089AC2AF2AE7FFC400FD0644 /* SmartLabEntryApp.swift in Sources */ = {isa = PBXBuildFile; fileRef = 089AC2AE2AE7FFC400FD0644 /* SmartLabEntryApp.swift */; };
		089AC2B52AE7FFC500FD0644 /* Assets.xcassets in Resources */ = {isa = PBXBuildFile; fileRef = 089AC2B42AE7FFC500FD0644 /* Assets.xcassets */; };
		089AC2B82AE7FFC500FD0644 /* Preview Assets.xcassets in Resources */ = {isa = PBXBuildFile; fileRef = 089AC2B72AE7FFC500FD0644 /* Preview Assets.xcassets */; };
		08A08EAE2B11DD30000A488E /* CardModel.swift in Sources */ = {isa = PBXBuildFile; fileRef = 08A08EAD2B11DD30000A488E /* CardModel.swift */; };
		08A08EB02B11DEA9000A488E /* UserSessionService.swift in Sources */ = {isa = PBXBuildFile; fileRef = 08A08EAF2B11DEA9000A488E /* UserSessionService.swift */; };
		08A08EB32B11E2FC000A488E /* RoleType.swift in Sources */ = {isa = PBXBuildFile; fileRef = 08A08EB22B11E2FC000A488E /* RoleType.swift */; };
		08A08EB52B12054B000A488E /* FirebaseAuth in Frameworks */ = {isa = PBXBuildFile; productRef = 08A08EB42B12054B000A488E /* FirebaseAuth */; };
		08A08EB72B12054B000A488E /* FirebaseAuthCombine-Community in Frameworks */ = {isa = PBXBuildFile; productRef = 08A08EB62B12054B000A488E /* FirebaseAuthCombine-Community */; };
		08A08EB92B12054B000A488E /* FirebaseFirestore in Frameworks */ = {isa = PBXBuildFile; productRef = 08A08EB82B12054B000A488E /* FirebaseFirestore */; };
		08A08EBB2B12054B000A488E /* FirebaseFirestoreCombine-Community in Frameworks */ = {isa = PBXBuildFile; productRef = 08A08EBA2B12054B000A488E /* FirebaseFirestoreCombine-Community */; };
		08A08EBD2B12054B000A488E /* FirebaseFirestoreSwift in Frameworks */ = {isa = PBXBuildFile; productRef = 08A08EBC2B12054B000A488E /* FirebaseFirestoreSwift */; };
		08B383612B0A4D4500062393 /* HomeViewModel.swift in Sources */ = {isa = PBXBuildFile; fileRef = 08B383602B0A4D4500062393 /* HomeViewModel.swift */; };
		08C247AB2B0B6063006ADFB6 /* AccessPortalModel.swift in Sources */ = {isa = PBXBuildFile; fileRef = 08C247AA2B0B6063006ADFB6 /* AccessPortalModel.swift */; };
		08D7F2052B0A49090088FD48 /* HomeView.swift in Sources */ = {isa = PBXBuildFile; fileRef = 08D7F2042B0A49090088FD48 /* HomeView.swift */; };
		08D7F2072B0A49160088FD48 /* SettingsView.swift in Sources */ = {isa = PBXBuildFile; fileRef = 08D7F2062B0A49160088FD48 /* SettingsView.swift */; };
		08D7F2092B0A49230088FD48 /* NotificationView.swift in Sources */ = {isa = PBXBuildFile; fileRef = 08D7F2082B0A49230088FD48 /* NotificationView.swift */; };
		08D9F79B2B0CDE5400C44C92 /* CardCellView.swift in Sources */ = {isa = PBXBuildFile; fileRef = 08D9F79A2B0CDE5400C44C92 /* CardCellView.swift */; };
		08E2AC9A2AE9E888008E9EB3 /* AuthView.swift in Sources */ = {isa = PBXBuildFile; fileRef = 08E2AC992AE9E888008E9EB3 /* AuthView.swift */; };
		08E2AC9C2AE9E8CE008E9EB3 /* SplashView.swift in Sources */ = {isa = PBXBuildFile; fileRef = 08E2AC9B2AE9E8CE008E9EB3 /* SplashView.swift */; };
		08E2AC9F2AE9EE46008E9EB3 /* Comfortaa.ttf in Resources */ = {isa = PBXBuildFile; fileRef = 08E2AC9E2AE9EE46008E9EB3 /* Comfortaa.ttf */; };
/* End PBXBuildFile section */

/* Begin PBXFileReference section */
		0818F2B22B035A3B0086BA2C /* Validators.swift */ = {isa = PBXFileReference; lastKnownFileType = sourcecode.swift; path = Validators.swift; sourceTree = "<group>"; };
		081B133D2B10FF4A0037DECB /* PagerView.swift */ = {isa = PBXFileReference; lastKnownFileType = sourcecode.swift; path = PagerView.swift; sourceTree = "<group>"; };
		082A689D2B04ADFE0065E136 /* APIPath.swift */ = {isa = PBXFileReference; fileEncoding = 4; lastKnownFileType = sourcecode.swift; path = APIPath.swift; sourceTree = "<group>"; };
		082A689F2B04AE0F0065E136 /* config.plist */ = {isa = PBXFileReference; fileEncoding = 4; lastKnownFileType = text.plist.xml; path = config.plist; sourceTree = "<group>"; };
		083175A32B0342A0007D1684 /* Constants.swift */ = {isa = PBXFileReference; lastKnownFileType = sourcecode.swift; path = Constants.swift; sourceTree = "<group>"; };
		083175A52B0342FC007D1684 /* AlertService.swift */ = {isa = PBXFileReference; lastKnownFileType = sourcecode.swift; path = AlertService.swift; sourceTree = "<group>"; };
		08334DE22B25243F0080AADA /* AuthViewModel.swift */ = {isa = PBXFileReference; fileEncoding = 4; lastKnownFileType = sourcecode.swift; path = AuthViewModel.swift; sourceTree = "<group>"; };
		083771DA2B03999F00429B5F /* GoogleService-Info.plist */ = {isa = PBXFileReference; fileEncoding = 4; lastKnownFileType = text.plist.xml; path = "GoogleService-Info.plist"; sourceTree = "<group>"; };
		083771DF2B0422A800429B5F /* APIService.swift */ = {isa = PBXFileReference; lastKnownFileType = sourcecode.swift; path = APIService.swift; sourceTree = "<group>"; };
		0885A9522AF7DE3200AD4F30 /* UserModel.swift */ = {isa = PBXFileReference; lastKnownFileType = sourcecode.swift; path = UserModel.swift; sourceTree = "<group>"; };
		0885A9542AF7DED000AD4F30 /* InitialView.swift */ = {isa = PBXFileReference; lastKnownFileType = sourcecode.swift; path = InitialView.swift; sourceTree = "<group>"; };
		089AC2AB2AE7FFC400FD0644 /* SmartLabEntry.app */ = {isa = PBXFileReference; explicitFileType = wrapper.application; includeInIndex = 0; path = SmartLabEntry.app; sourceTree = BUILT_PRODUCTS_DIR; };
		089AC2AE2AE7FFC400FD0644 /* SmartLabEntryApp.swift */ = {isa = PBXFileReference; lastKnownFileType = sourcecode.swift; path = SmartLabEntryApp.swift; sourceTree = "<group>"; };
		089AC2B42AE7FFC500FD0644 /* Assets.xcassets */ = {isa = PBXFileReference; lastKnownFileType = folder.assetcatalog; path = Assets.xcassets; sourceTree = "<group>"; };
		089AC2B72AE7FFC500FD0644 /* Preview Assets.xcassets */ = {isa = PBXFileReference; lastKnownFileType = folder.assetcatalog; path = "Preview Assets.xcassets"; sourceTree = "<group>"; };
		08A08EAD2B11DD30000A488E /* CardModel.swift */ = {isa = PBXFileReference; lastKnownFileType = sourcecode.swift; path = CardModel.swift; sourceTree = "<group>"; };
		08A08EAF2B11DEA9000A488E /* UserSessionService.swift */ = {isa = PBXFileReference; lastKnownFileType = sourcecode.swift; path = UserSessionService.swift; sourceTree = "<group>"; };
		08A08EB22B11E2FC000A488E /* RoleType.swift */ = {isa = PBXFileReference; lastKnownFileType = sourcecode.swift; path = RoleType.swift; sourceTree = "<group>"; };
		08B383602B0A4D4500062393 /* HomeViewModel.swift */ = {isa = PBXFileReference; lastKnownFileType = sourcecode.swift; path = HomeViewModel.swift; sourceTree = "<group>"; };
		08C247AA2B0B6063006ADFB6 /* AccessPortalModel.swift */ = {isa = PBXFileReference; lastKnownFileType = sourcecode.swift; path = AccessPortalModel.swift; sourceTree = "<group>"; };
		08D7F2042B0A49090088FD48 /* HomeView.swift */ = {isa = PBXFileReference; lastKnownFileType = sourcecode.swift; path = HomeView.swift; sourceTree = "<group>"; };
		08D7F2062B0A49160088FD48 /* SettingsView.swift */ = {isa = PBXFileReference; lastKnownFileType = sourcecode.swift; path = SettingsView.swift; sourceTree = "<group>"; };
		08D7F2082B0A49230088FD48 /* NotificationView.swift */ = {isa = PBXFileReference; lastKnownFileType = sourcecode.swift; path = NotificationView.swift; sourceTree = "<group>"; };
		08D9F79A2B0CDE5400C44C92 /* CardCellView.swift */ = {isa = PBXFileReference; lastKnownFileType = sourcecode.swift; path = CardCellView.swift; sourceTree = "<group>"; };
		08E2AC992AE9E888008E9EB3 /* AuthView.swift */ = {isa = PBXFileReference; lastKnownFileType = sourcecode.swift; path = AuthView.swift; sourceTree = "<group>"; };
		08E2AC9B2AE9E8CE008E9EB3 /* SplashView.swift */ = {isa = PBXFileReference; lastKnownFileType = sourcecode.swift; path = SplashView.swift; sourceTree = "<group>"; };
		08E2AC9E2AE9EE46008E9EB3 /* Comfortaa.ttf */ = {isa = PBXFileReference; lastKnownFileType = file; path = Comfortaa.ttf; sourceTree = "<group>"; };
		08E2ACA02AE9EEE9008E9EB3 /* Info.plist */ = {isa = PBXFileReference; lastKnownFileType = text.plist; path = Info.plist; sourceTree = "<group>"; };
/* End PBXFileReference section */

/* Begin PBXFrameworksBuildPhase section */
		089AC2A82AE7FFC400FD0644 /* Frameworks */ = {
			isa = PBXFrameworksBuildPhase;
			buildActionMask = 2147483647;
			files = (
				081B13412B113F1D0037DECB /* SwiftUIPager in Frameworks */,
				08A08EB52B12054B000A488E /* FirebaseAuth in Frameworks */,
				083771DE2B039C9E00429B5F /* FirebaseAuth in Frameworks */,
				08A08EBD2B12054B000A488E /* FirebaseFirestoreSwift in Frameworks */,
				08A08EBB2B12054B000A488E /* FirebaseFirestoreCombine-Community in Frameworks */,
				08A08EB92B12054B000A488E /* FirebaseFirestore in Frameworks */,
				08A08EB72B12054B000A488E /* FirebaseAuthCombine-Community in Frameworks */,
			);
			runOnlyForDeploymentPostprocessing = 0;
		};
/* End PBXFrameworksBuildPhase section */

/* Begin PBXGroup section */
		089AC2A22AE7FFC400FD0644 = {
			isa = PBXGroup;
			children = (
				089AC2AD2AE7FFC400FD0644 /* SmartLabEntry */,
				089AC2AC2AE7FFC400FD0644 /* Products */,
			);
			sourceTree = "<group>";
		};
		089AC2AC2AE7FFC400FD0644 /* Products */ = {
			isa = PBXGroup;
			children = (
				089AC2AB2AE7FFC400FD0644 /* SmartLabEntry.app */,
			);
			name = Products;
			sourceTree = "<group>";
		};
		089AC2AD2AE7FFC400FD0644 /* SmartLabEntry */ = {
			isa = PBXGroup;
			children = (
				082A689F2B04AE0F0065E136 /* config.plist */,
				08E2ACA02AE9EEE9008E9EB3 /* Info.plist */,
				08E2AC9D2AE9EE33008E9EB3 /* Fonts */,
				08E2AC5A2AE9E678008E9EB3 /* App */,
				08E2AC562AE9E335008E9EB3 /* Model */,
				08E2AC582AE9E343008E9EB3 /* Utils */,
				08E2AC572AE9E33C008E9EB3 /* Service */,
				08E2AC5B2AE9E690008E9EB3 /* Manager */,
				08E2AC5C2AE9E697008E9EB3 /* ViewModel */,
				08E2AC592AE9E348008E9EB3 /* View */,
				089AC2B62AE7FFC500FD0644 /* Preview Content */,
				089AC2B42AE7FFC500FD0644 /* Assets.xcassets */,
				083771DA2B03999F00429B5F /* GoogleService-Info.plist */,
				081B133D2B10FF4A0037DECB /* PagerView.swift */,
			);
			path = SmartLabEntry;
			sourceTree = "<group>";
		};
		089AC2B62AE7FFC500FD0644 /* Preview Content */ = {
			isa = PBXGroup;
			children = (
				089AC2B72AE7FFC500FD0644 /* Preview Assets.xcassets */,
			);
			path = "Preview Content";
			sourceTree = "<group>";
		};
		08A08EB12B11E2E3000A488E /* Enum */ = {
			isa = PBXGroup;
			children = (
				08A08EB22B11E2FC000A488E /* RoleType.swift */,
			);
			path = Enum;
			sourceTree = "<group>";
		};
		08E2AC562AE9E335008E9EB3 /* Model */ = {
			isa = PBXGroup;
			children = (
				08A08EB12B11E2E3000A488E /* Enum */,
				0885A9522AF7DE3200AD4F30 /* UserModel.swift */,
				08C247AA2B0B6063006ADFB6 /* AccessPortalModel.swift */,
				08A08EAD2B11DD30000A488E /* CardModel.swift */,
			);
			path = Model;
			sourceTree = "<group>";
		};
		08E2AC572AE9E33C008E9EB3 /* Service */ = {
			isa = PBXGroup;
			children = (
				083175A52B0342FC007D1684 /* AlertService.swift */,
				083771DF2B0422A800429B5F /* APIService.swift */,
				08A08EAF2B11DEA9000A488E /* UserSessionService.swift */,
			);
			path = Service;
			sourceTree = "<group>";
		};
		08E2AC582AE9E343008E9EB3 /* Utils */ = {
			isa = PBXGroup;
			children = (
				082A689D2B04ADFE0065E136 /* APIPath.swift */,
				083175A32B0342A0007D1684 /* Constants.swift */,
				0818F2B22B035A3B0086BA2C /* Validators.swift */,
			);
			path = Utils;
			sourceTree = "<group>";
		};
		08E2AC592AE9E348008E9EB3 /* View */ = {
			isa = PBXGroup;
			children = (
				0885A9542AF7DED000AD4F30 /* InitialView.swift */,
				08E2AC982AE9E87B008E9EB3 /* Cells */,
				08E2AC9B2AE9E8CE008E9EB3 /* SplashView.swift */,
				08E2AC992AE9E888008E9EB3 /* AuthView.swift */,
				08D7F2042B0A49090088FD48 /* HomeView.swift */,
				08D7F2062B0A49160088FD48 /* SettingsView.swift */,
				08D7F2082B0A49230088FD48 /* NotificationView.swift */,
			);
			path = View;
			sourceTree = "<group>";
		};
		08E2AC5A2AE9E678008E9EB3 /* App */ = {
			isa = PBXGroup;
			children = (
				089AC2AE2AE7FFC400FD0644 /* SmartLabEntryApp.swift */,
			);
			path = App;
			sourceTree = "<group>";
		};
		08E2AC5B2AE9E690008E9EB3 /* Manager */ = {
			isa = PBXGroup;
			children = (
			);
			path = Manager;
			sourceTree = "<group>";
		};
		08E2AC5C2AE9E697008E9EB3 /* ViewModel */ = {
			isa = PBXGroup;
			children = (
				08334DE22B25243F0080AADA /* AuthViewModel.swift */,
				08B383602B0A4D4500062393 /* HomeViewModel.swift */,
			);
			path = ViewModel;
			sourceTree = "<group>";
		};
		08E2AC982AE9E87B008E9EB3 /* Cells */ = {
			isa = PBXGroup;
			children = (
				08D9F79A2B0CDE5400C44C92 /* CardCellView.swift */,
			);
			path = Cells;
			sourceTree = "<group>";
		};
		08E2AC9D2AE9EE33008E9EB3 /* Fonts */ = {
			isa = PBXGroup;
			children = (
				08E2AC9E2AE9EE46008E9EB3 /* Comfortaa.ttf */,
			);
			path = Fonts;
			sourceTree = "<group>";
		};
/* End PBXGroup section */

/* Begin PBXNativeTarget section */
		089AC2AA2AE7FFC400FD0644 /* SmartLabEntry */ = {
			isa = PBXNativeTarget;
			buildConfigurationList = 089AC2BB2AE7FFC500FD0644 /* Build configuration list for PBXNativeTarget "SmartLabEntry" */;
			buildPhases = (
				089AC2A72AE7FFC400FD0644 /* Sources */,
				089AC2A82AE7FFC400FD0644 /* Frameworks */,
				089AC2A92AE7FFC400FD0644 /* Resources */,
			);
			buildRules = (
			);
			dependencies = (
			);
			name = SmartLabEntry;
			packageProductDependencies = (
				083771DD2B039C9E00429B5F /* FirebaseAuth */,
				081B13402B113F1D0037DECB /* SwiftUIPager */,
				08A08EB42B12054B000A488E /* FirebaseAuth */,
				08A08EB62B12054B000A488E /* FirebaseAuthCombine-Community */,
				08A08EB82B12054B000A488E /* FirebaseFirestore */,
				08A08EBA2B12054B000A488E /* FirebaseFirestoreCombine-Community */,
				08A08EBC2B12054B000A488E /* FirebaseFirestoreSwift */,
			);
			productName = SmartLabEntry;
			productReference = 089AC2AB2AE7FFC400FD0644 /* SmartLabEntry.app */;
			productType = "com.apple.product-type.application";
		};
/* End PBXNativeTarget section */

/* Begin PBXProject section */
		089AC2A32AE7FFC400FD0644 /* Project object */ = {
			isa = PBXProject;
			attributes = {
				BuildIndependentTargetsInParallel = 1;
				LastSwiftUpdateCheck = 1500;
				LastUpgradeCheck = 1500;
				TargetAttributes = {
					089AC2AA2AE7FFC400FD0644 = {
						CreatedOnToolsVersion = 15.0.1;
					};
				};
			};
			buildConfigurationList = 089AC2A62AE7FFC400FD0644 /* Build configuration list for PBXProject "SmartLabEntry" */;
			compatibilityVersion = "Xcode 14.0";
			developmentRegion = en;
			hasScannedForEncodings = 0;
			knownRegions = (
				en,
				Base,
			);
			mainGroup = 089AC2A22AE7FFC400FD0644;
			packageReferences = (
				083771DC2B039C9E00429B5F /* XCRemoteSwiftPackageReference "firebase-ios-sdk" */,
				081B133F2B113F1D0037DECB /* XCRemoteSwiftPackageReference "SwiftUIPager" */,
			);
			productRefGroup = 089AC2AC2AE7FFC400FD0644 /* Products */;
			projectDirPath = "";
			projectRoot = "";
			targets = (
				089AC2AA2AE7FFC400FD0644 /* SmartLabEntry */,
			);
		};
/* End PBXProject section */

/* Begin PBXResourcesBuildPhase section */
		089AC2A92AE7FFC400FD0644 /* Resources */ = {
			isa = PBXResourcesBuildPhase;
			buildActionMask = 2147483647;
			files = (
				089AC2B82AE7FFC500FD0644 /* Preview Assets.xcassets in Resources */,
				083771DB2B03999F00429B5F /* GoogleService-Info.plist in Resources */,
				08E2AC9F2AE9EE46008E9EB3 /* Comfortaa.ttf in Resources */,
				089AC2B52AE7FFC500FD0644 /* Assets.xcassets in Resources */,
				082A68A02B04AE0F0065E136 /* config.plist in Resources */,
			);
			runOnlyForDeploymentPostprocessing = 0;
		};
/* End PBXResourcesBuildPhase section */

/* Begin PBXSourcesBuildPhase section */
		089AC2A72AE7FFC400FD0644 /* Sources */ = {
			isa = PBXSourcesBuildPhase;
			buildActionMask = 2147483647;
			files = (
				0885A9552AF7DED000AD4F30 /* InitialView.swift in Sources */,
				0885A9532AF7DE3200AD4F30 /* UserModel.swift in Sources */,
				08D7F2052B0A49090088FD48 /* HomeView.swift in Sources */,
				08B383612B0A4D4500062393 /* HomeViewModel.swift in Sources */,
				08E2AC9C2AE9E8CE008E9EB3 /* SplashView.swift in Sources */,
				08A08EB02B11DEA9000A488E /* UserSessionService.swift in Sources */,
				0818F2B32B035A3B0086BA2C /* Validators.swift in Sources */,
				08D9F79B2B0CDE5400C44C92 /* CardCellView.swift in Sources */,
				083175A62B0342FD007D1684 /* AlertService.swift in Sources */,
				082A689E2B04ADFE0065E136 /* APIPath.swift in Sources */,
				08A08EAE2B11DD30000A488E /* CardModel.swift in Sources */,
				08D7F2072B0A49160088FD48 /* SettingsView.swift in Sources */,
				08C247AB2B0B6063006ADFB6 /* AccessPortalModel.swift in Sources */,
				089AC2AF2AE7FFC400FD0644 /* SmartLabEntryApp.swift in Sources */,
				08E2AC9A2AE9E888008E9EB3 /* AuthView.swift in Sources */,
				08A08EB32B11E2FC000A488E /* RoleType.swift in Sources */,
				083771E02B0422A800429B5F /* APIService.swift in Sources */,
				08334DE32B25243F0080AADA /* AuthViewModel.swift in Sources */,
				081B133E2B10FF4A0037DECB /* PagerView.swift in Sources */,
				083175A42B0342A0007D1684 /* Constants.swift in Sources */,
				08D7F2092B0A49230088FD48 /* NotificationView.swift in Sources */,
			);
			runOnlyForDeploymentPostprocessing = 0;
		};
/* End PBXSourcesBuildPhase section */

/* Begin XCBuildConfiguration section */
		089AC2B92AE7FFC500FD0644 /* Debug */ = {
			isa = XCBuildConfiguration;
			buildSettings = {
				ALWAYS_SEARCH_USER_PATHS = NO;
				ASSETCATALOG_COMPILER_GENERATE_SWIFT_ASSET_SYMBOL_EXTENSIONS = YES;
				CLANG_ANALYZER_NONNULL = YES;
				CLANG_ANALYZER_NUMBER_OBJECT_CONVERSION = YES_AGGRESSIVE;
				CLANG_CXX_LANGUAGE_STANDARD = "gnu++20";
				CLANG_ENABLE_MODULES = YES;
				CLANG_ENABLE_OBJC_ARC = YES;
				CLANG_ENABLE_OBJC_WEAK = YES;
				CLANG_WARN_BLOCK_CAPTURE_AUTORELEASING = YES;
				CLANG_WARN_BOOL_CONVERSION = YES;
				CLANG_WARN_COMMA = YES;
				CLANG_WARN_CONSTANT_CONVERSION = YES;
				CLANG_WARN_DEPRECATED_OBJC_IMPLEMENTATIONS = YES;
				CLANG_WARN_DIRECT_OBJC_ISA_USAGE = YES_ERROR;
				CLANG_WARN_DOCUMENTATION_COMMENTS = YES;
				CLANG_WARN_EMPTY_BODY = YES;
				CLANG_WARN_ENUM_CONVERSION = YES;
				CLANG_WARN_INFINITE_RECURSION = YES;
				CLANG_WARN_INT_CONVERSION = YES;
				CLANG_WARN_NON_LITERAL_NULL_CONVERSION = YES;
				CLANG_WARN_OBJC_IMPLICIT_RETAIN_SELF = YES;
				CLANG_WARN_OBJC_LITERAL_CONVERSION = YES;
				CLANG_WARN_OBJC_ROOT_CLASS = YES_ERROR;
				CLANG_WARN_QUOTED_INCLUDE_IN_FRAMEWORK_HEADER = YES;
				CLANG_WARN_RANGE_LOOP_ANALYSIS = YES;
				CLANG_WARN_STRICT_PROTOTYPES = YES;
				CLANG_WARN_SUSPICIOUS_MOVE = YES;
				CLANG_WARN_UNGUARDED_AVAILABILITY = YES_AGGRESSIVE;
				CLANG_WARN_UNREACHABLE_CODE = YES;
				CLANG_WARN__DUPLICATE_METHOD_MATCH = YES;
				COPY_PHASE_STRIP = NO;
				DEBUG_INFORMATION_FORMAT = dwarf;
				ENABLE_STRICT_OBJC_MSGSEND = YES;
				ENABLE_TESTABILITY = YES;
				ENABLE_USER_SCRIPT_SANDBOXING = YES;
				GCC_C_LANGUAGE_STANDARD = gnu17;
				GCC_DYNAMIC_NO_PIC = NO;
				GCC_NO_COMMON_BLOCKS = YES;
				GCC_OPTIMIZATION_LEVEL = 0;
				GCC_PREPROCESSOR_DEFINITIONS = (
					"DEBUG=1",
					"$(inherited)",
				);
				GCC_WARN_64_TO_32_BIT_CONVERSION = YES;
				GCC_WARN_ABOUT_RETURN_TYPE = YES_ERROR;
				GCC_WARN_UNDECLARED_SELECTOR = YES;
				GCC_WARN_UNINITIALIZED_AUTOS = YES_AGGRESSIVE;
				GCC_WARN_UNUSED_FUNCTION = YES;
				GCC_WARN_UNUSED_VARIABLE = YES;
				IPHONEOS_DEPLOYMENT_TARGET = 17.0;
				LOCALIZATION_PREFERS_STRING_CATALOGS = YES;
				MTL_ENABLE_DEBUG_INFO = INCLUDE_SOURCE;
				MTL_FAST_MATH = YES;
				ONLY_ACTIVE_ARCH = YES;
				SDKROOT = iphoneos;
				SWIFT_ACTIVE_COMPILATION_CONDITIONS = "DEBUG $(inherited)";
				SWIFT_OPTIMIZATION_LEVEL = "-Onone";
			};
			name = Debug;
		};
		089AC2BA2AE7FFC500FD0644 /* Release */ = {
			isa = XCBuildConfiguration;
			buildSettings = {
				ALWAYS_SEARCH_USER_PATHS = NO;
				ASSETCATALOG_COMPILER_GENERATE_SWIFT_ASSET_SYMBOL_EXTENSIONS = YES;
				CLANG_ANALYZER_NONNULL = YES;
				CLANG_ANALYZER_NUMBER_OBJECT_CONVERSION = YES_AGGRESSIVE;
				CLANG_CXX_LANGUAGE_STANDARD = "gnu++20";
				CLANG_ENABLE_MODULES = YES;
				CLANG_ENABLE_OBJC_ARC = YES;
				CLANG_ENABLE_OBJC_WEAK = YES;
				CLANG_WARN_BLOCK_CAPTURE_AUTORELEASING = YES;
				CLANG_WARN_BOOL_CONVERSION = YES;
				CLANG_WARN_COMMA = YES;
				CLANG_WARN_CONSTANT_CONVERSION = YES;
				CLANG_WARN_DEPRECATED_OBJC_IMPLEMENTATIONS = YES;
				CLANG_WARN_DIRECT_OBJC_ISA_USAGE = YES_ERROR;
				CLANG_WARN_DOCUMENTATION_COMMENTS = YES;
				CLANG_WARN_EMPTY_BODY = YES;
				CLANG_WARN_ENUM_CONVERSION = YES;
				CLANG_WARN_INFINITE_RECURSION = YES;
				CLANG_WARN_INT_CONVERSION = YES;
				CLANG_WARN_NON_LITERAL_NULL_CONVERSION = YES;
				CLANG_WARN_OBJC_IMPLICIT_RETAIN_SELF = YES;
				CLANG_WARN_OBJC_LITERAL_CONVERSION = YES;
				CLANG_WARN_OBJC_ROOT_CLASS = YES_ERROR;
				CLANG_WARN_QUOTED_INCLUDE_IN_FRAMEWORK_HEADER = YES;
				CLANG_WARN_RANGE_LOOP_ANALYSIS = YES;
				CLANG_WARN_STRICT_PROTOTYPES = YES;
				CLANG_WARN_SUSPICIOUS_MOVE = YES;
				CLANG_WARN_UNGUARDED_AVAILABILITY = YES_AGGRESSIVE;
				CLANG_WARN_UNREACHABLE_CODE = YES;
				CLANG_WARN__DUPLICATE_METHOD_MATCH = YES;
				COPY_PHASE_STRIP = NO;
				DEBUG_INFORMATION_FORMAT = "dwarf-with-dsym";
				ENABLE_NS_ASSERTIONS = NO;
				ENABLE_STRICT_OBJC_MSGSEND = YES;
				ENABLE_USER_SCRIPT_SANDBOXING = YES;
				GCC_C_LANGUAGE_STANDARD = gnu17;
				GCC_NO_COMMON_BLOCKS = YES;
				GCC_WARN_64_TO_32_BIT_CONVERSION = YES;
				GCC_WARN_ABOUT_RETURN_TYPE = YES_ERROR;
				GCC_WARN_UNDECLARED_SELECTOR = YES;
				GCC_WARN_UNINITIALIZED_AUTOS = YES_AGGRESSIVE;
				GCC_WARN_UNUSED_FUNCTION = YES;
				GCC_WARN_UNUSED_VARIABLE = YES;
				IPHONEOS_DEPLOYMENT_TARGET = 17.0;
				LOCALIZATION_PREFERS_STRING_CATALOGS = YES;
				MTL_ENABLE_DEBUG_INFO = NO;
				MTL_FAST_MATH = YES;
				SDKROOT = iphoneos;
				SWIFT_COMPILATION_MODE = wholemodule;
				VALIDATE_PRODUCT = YES;
			};
			name = Release;
		};
		089AC2BC2AE7FFC500FD0644 /* Debug */ = {
			isa = XCBuildConfiguration;
			buildSettings = {
				ASSETCATALOG_COMPILER_APPICON_NAME = AppIcon;
				ASSETCATALOG_COMPILER_GLOBAL_ACCENT_COLOR_NAME = AccentColor;
				CODE_SIGN_STYLE = Automatic;
				CURRENT_PROJECT_VERSION = 1;
				DEVELOPMENT_ASSET_PATHS = "\"SmartLabEntry/Preview Content\"";
				DEVELOPMENT_TEAM = 2NPB27G7C4;
				ENABLE_PREVIEWS = YES;
				GENERATE_INFOPLIST_FILE = YES;
				INFOPLIST_FILE = SmartLabEntry/Info.plist;
				INFOPLIST_KEY_UIApplicationSceneManifest_Generation = YES;
				INFOPLIST_KEY_UIApplicationSupportsIndirectInputEvents = YES;
				INFOPLIST_KEY_UILaunchScreen_Generation = YES;
				INFOPLIST_KEY_UISupportedInterfaceOrientations_iPad = "UIInterfaceOrientationPortrait UIInterfaceOrientationPortraitUpsideDown UIInterfaceOrientationLandscapeLeft UIInterfaceOrientationLandscapeRight";
				INFOPLIST_KEY_UISupportedInterfaceOrientations_iPhone = "UIInterfaceOrientationPortrait UIInterfaceOrientationLandscapeLeft UIInterfaceOrientationLandscapeRight";
				LD_RUNPATH_SEARCH_PATHS = (
					"$(inherited)",
					"@executable_path/Frameworks",
				);
				MARKETING_VERSION = 1.0;
				PRODUCT_BUNDLE_IDENTIFIER = com.GTRows.SmartLabEntry;
				PRODUCT_NAME = "$(TARGET_NAME)";
				SWIFT_EMIT_LOC_STRINGS = YES;
				SWIFT_VERSION = 5.0;
				TARGETED_DEVICE_FAMILY = "1,2";
			};
			name = Debug;
		};
		089AC2BD2AE7FFC500FD0644 /* Release */ = {
			isa = XCBuildConfiguration;
			buildSettings = {
				ASSETCATALOG_COMPILER_APPICON_NAME = AppIcon;
				ASSETCATALOG_COMPILER_GLOBAL_ACCENT_COLOR_NAME = AccentColor;
				CODE_SIGN_STYLE = Automatic;
				CURRENT_PROJECT_VERSION = 1;
				DEVELOPMENT_ASSET_PATHS = "\"SmartLabEntry/Preview Content\"";
				DEVELOPMENT_TEAM = 2NPB27G7C4;
				ENABLE_PREVIEWS = YES;
				GENERATE_INFOPLIST_FILE = YES;
				INFOPLIST_FILE = SmartLabEntry/Info.plist;
				INFOPLIST_KEY_UIApplicationSceneManifest_Generation = YES;
				INFOPLIST_KEY_UIApplicationSupportsIndirectInputEvents = YES;
				INFOPLIST_KEY_UILaunchScreen_Generation = YES;
				INFOPLIST_KEY_UISupportedInterfaceOrientations_iPad = "UIInterfaceOrientationPortrait UIInterfaceOrientationPortraitUpsideDown UIInterfaceOrientationLandscapeLeft UIInterfaceOrientationLandscapeRight";
				INFOPLIST_KEY_UISupportedInterfaceOrientations_iPhone = "UIInterfaceOrientationPortrait UIInterfaceOrientationLandscapeLeft UIInterfaceOrientationLandscapeRight";
				LD_RUNPATH_SEARCH_PATHS = (
					"$(inherited)",
					"@executable_path/Frameworks",
				);
				MARKETING_VERSION = 1.0;
				PRODUCT_BUNDLE_IDENTIFIER = com.GTRows.SmartLabEntry;
				PRODUCT_NAME = "$(TARGET_NAME)";
				SWIFT_EMIT_LOC_STRINGS = YES;
				SWIFT_VERSION = 5.0;
				TARGETED_DEVICE_FAMILY = "1,2";
			};
			name = Release;
		};
/* End XCBuildConfiguration section */

/* Begin XCConfigurationList section */
		089AC2A62AE7FFC400FD0644 /* Build configuration list for PBXProject "SmartLabEntry" */ = {
			isa = XCConfigurationList;
			buildConfigurations = (
				089AC2B92AE7FFC500FD0644 /* Debug */,
				089AC2BA2AE7FFC500FD0644 /* Release */,
			);
			defaultConfigurationIsVisible = 0;
			defaultConfigurationName = Release;
		};
		089AC2BB2AE7FFC500FD0644 /* Build configuration list for PBXNativeTarget "SmartLabEntry" */ = {
			isa = XCConfigurationList;
			buildConfigurations = (
				089AC2BC2AE7FFC500FD0644 /* Debug */,
				089AC2BD2AE7FFC500FD0644 /* Release */,
			);
			defaultConfigurationIsVisible = 0;
			defaultConfigurationName = Release;
		};
/* End XCConfigurationList section */

/* Begin XCRemoteSwiftPackageReference section */
		081B133F2B113F1D0037DECB /* XCRemoteSwiftPackageReference "SwiftUIPager" */ = {
			isa = XCRemoteSwiftPackageReference;
			repositoryURL = "https://github.com/fermoya/SwiftUIPager.git";
			requirement = {
				kind = upToNextMajorVersion;
				minimumVersion = 2.5.0;
			};
		};
		083771DC2B039C9E00429B5F /* XCRemoteSwiftPackageReference "firebase-ios-sdk" */ = {
			isa = XCRemoteSwiftPackageReference;
			repositoryURL = "https://github.com/firebase/firebase-ios-sdk.git";
			requirement = {
				kind = exactVersion;
				version = 10.17.0;
			};
		};
/* End XCRemoteSwiftPackageReference section */

/* Begin XCSwiftPackageProductDependency section */
		081B13402B113F1D0037DECB /* SwiftUIPager */ = {
			isa = XCSwiftPackageProductDependency;
			package = 081B133F2B113F1D0037DECB /* XCRemoteSwiftPackageReference "SwiftUIPager" */;
			productName = SwiftUIPager;
		};
		083771DD2B039C9E00429B5F /* FirebaseAuth */ = {
			isa = XCSwiftPackageProductDependency;
			package = 083771DC2B039C9E00429B5F /* XCRemoteSwiftPackageReference "firebase-ios-sdk" */;
			productName = FirebaseAuth;
		};
		08A08EB42B12054B000A488E /* FirebaseAuth */ = {
			isa = XCSwiftPackageProductDependency;
			package = 083771DC2B039C9E00429B5F /* XCRemoteSwiftPackageReference "firebase-ios-sdk" */;
			productName = FirebaseAuth;
		};
		08A08EB62B12054B000A488E /* FirebaseAuthCombine-Community */ = {
			isa = XCSwiftPackageProductDependency;
			package = 083771DC2B039C9E00429B5F /* XCRemoteSwiftPackageReference "firebase-ios-sdk" */;
			productName = "FirebaseAuthCombine-Community";
		};
		08A08EB82B12054B000A488E /* FirebaseFirestore */ = {
			isa = XCSwiftPackageProductDependency;
			package = 083771DC2B039C9E00429B5F /* XCRemoteSwiftPackageReference "firebase-ios-sdk" */;
			productName = FirebaseFirestore;
		};
		08A08EBA2B12054B000A488E /* FirebaseFirestoreCombine-Community */ = {
			isa = XCSwiftPackageProductDependency;
			package = 083771DC2B039C9E00429B5F /* XCRemoteSwiftPackageReference "firebase-ios-sdk" */;
			productName = "FirebaseFirestoreCombine-Community";
		};
		08A08EBC2B12054B000A488E /* FirebaseFirestoreSwift */ = {
			isa = XCSwiftPackageProductDependency;
			package = 083771DC2B039C9E00429B5F /* XCRemoteSwiftPackageReference "firebase-ios-sdk" */;
			productName = FirebaseFirestoreSwift;
		};
/* End XCSwiftPackageProductDependency section */
	};
	rootObject = 089AC2A32AE7FFC400FD0644 /* Project object */;
}
