// !$*UTF8*$!
{
	archiveVersion = 1;
	classes = {
	};
	objectVersion = 56;
	objects = {

/* Begin PBXBuildFile section */
		082EC2552C1A76E700F88D8D /* GraphsView.swift in Sources */ = {isa = PBXBuildFile; fileRef = 082EC2542C1A76E700F88D8D /* GraphsView.swift */; };
		082EC2572C1A7E0400F88D8D /* GraphsViewModel.swift in Sources */ = {isa = PBXBuildFile; fileRef = 082EC2562C1A7E0400F88D8D /* GraphsViewModel.swift */; };
		082EC25A2C1A836500F88D8D /* Shimmer in Frameworks */ = {isa = PBXBuildFile; productRef = 082EC2592C1A836500F88D8D /* Shimmer */; };
		0844D4B42C1629D500726A1E /* FirebaseAuth in Frameworks */ = {isa = PBXBuildFile; productRef = 0844D4B32C1629D500726A1E /* FirebaseAuth */; };
		0844D4B72C1629F700726A1E /* SwiftUIPager in Frameworks */ = {isa = PBXBuildFile; productRef = 0844D4B62C1629F700726A1E /* SwiftUIPager */; };
		0844D4BD2C162AAA00726A1E /* SwipeActions in Frameworks */ = {isa = PBXBuildFile; productRef = 0844D4BC2C162AAA00726A1E /* SwipeActions */; };
		0844D4C02C162B0800726A1E /* Alamofire in Frameworks */ = {isa = PBXBuildFile; productRef = 0844D4BF2C162B0800726A1E /* Alamofire */; };
		0844D4C22C16472800726A1E /* AccessPortalsAccessibleResponse.swift in Sources */ = {isa = PBXBuildFile; fileRef = 0844D4C12C16472800726A1E /* AccessPortalsAccessibleResponse.swift */; };
		089E06CC2BC5D74900632641 /* SmartLabEntryApp.swift in Sources */ = {isa = PBXBuildFile; fileRef = 089E06CB2BC5D74900632641 /* SmartLabEntryApp.swift */; };
		089E06D02BC5D74A00632641 /* Assets.xcassets in Resources */ = {isa = PBXBuildFile; fileRef = 089E06CF2BC5D74A00632641 /* Assets.xcassets */; };
		089E06D32BC5D74A00632641 /* Preview Assets.xcassets in Resources */ = {isa = PBXBuildFile; fileRef = 089E06D22BC5D74A00632641 /* Preview Assets.xcassets */; };
		089E06DD2BC5D8F600632641 /* HomeViewModel.swift in Sources */ = {isa = PBXBuildFile; fileRef = 089E06DB2BC5D8F600632641 /* HomeViewModel.swift */; };
		089E06DE2BC5D8F600632641 /* AuthViewModel.swift in Sources */ = {isa = PBXBuildFile; fileRef = 089E06DC2BC5D8F600632641 /* AuthViewModel.swift */; };
		089E070F2BC5D94300632641 /* UserStatusResponse.swift in Sources */ = {isa = PBXBuildFile; fileRef = 089E06E12BC5D94300632641 /* UserStatusResponse.swift */; };
		089E07102BC5D94300632641 /* AccessPortalStatusResponse.swift in Sources */ = {isa = PBXBuildFile; fileRef = 089E06E22BC5D94300632641 /* AccessPortalStatusResponse.swift */; };
		089E07112BC5D94300632641 /* NotVerifiedUsersResponse.swift in Sources */ = {isa = PBXBuildFile; fileRef = 089E06E32BC5D94300632641 /* NotVerifiedUsersResponse.swift */; };
		089E07122BC5D94300632641 /* GenericResponse.swift in Sources */ = {isa = PBXBuildFile; fileRef = 089E06E42BC5D94300632641 /* GenericResponse.swift */; };
		089E07132BC5D94300632641 /* UserDetailsResponse.swift in Sources */ = {isa = PBXBuildFile; fileRef = 089E06E52BC5D94300632641 /* UserDetailsResponse.swift */; };
		089E07142BC5D94300632641 /* ResetPortalRequest.swift in Sources */ = {isa = PBXBuildFile; fileRef = 089E06E72BC5D94300632641 /* ResetPortalRequest.swift */; };
		089E07152BC5D94300632641 /* userAccessPortalRequest.swift in Sources */ = {isa = PBXBuildFile; fileRef = 089E06E82BC5D94300632641 /* userAccessPortalRequest.swift */; };
		089E07162BC5D94300632641 /* VerifyUserRequest.swift in Sources */ = {isa = PBXBuildFile; fileRef = 089E06E92BC5D94300632641 /* VerifyUserRequest.swift */; };
		089E07172BC5D94300632641 /* AccessPortalRequest.swift in Sources */ = {isa = PBXBuildFile; fileRef = 089E06EA2BC5D94300632641 /* AccessPortalRequest.swift */; };
		089E07182BC5D94300632641 /* AssignRfidRequest.swift in Sources */ = {isa = PBXBuildFile; fileRef = 089E06EB2BC5D94300632641 /* AssignRfidRequest.swift */; };
		089E07192BC5D94300632641 /* UserRegistrationRequest.swift in Sources */ = {isa = PBXBuildFile; fileRef = 089E06EC2BC5D94300632641 /* UserRegistrationRequest.swift */; };
		089E071A2BC5D94300632641 /* HTTPHeadersExtension.swift in Sources */ = {isa = PBXBuildFile; fileRef = 089E06EE2BC5D94300632641 /* HTTPHeadersExtension.swift */; };
		089E071B2BC5D94300632641 /* NetworkUtility.swift in Sources */ = {isa = PBXBuildFile; fileRef = 089E06EF2BC5D94300632641 /* NetworkUtility.swift */; };
		089E071C2BC5D94300632641 /* NetworkError.swift in Sources */ = {isa = PBXBuildFile; fileRef = 089E06F02BC5D94300632641 /* NetworkError.swift */; };
		089E071D2BC5D94300632641 /* AccessPortalService.swift in Sources */ = {isa = PBXBuildFile; fileRef = 089E06F22BC5D94300632641 /* AccessPortalService.swift */; };
		089E071E2BC5D94300632641 /* UserService.swift in Sources */ = {isa = PBXBuildFile; fileRef = 089E06F32BC5D94300632641 /* UserService.swift */; };
		089E071F2BC5D94300632641 /* BaseService.swift in Sources */ = {isa = PBXBuildFile; fileRef = 089E06F42BC5D94300632641 /* BaseService.swift */; };
		089E07202BC5D94300632641 /* AdminService.swift in Sources */ = {isa = PBXBuildFile; fileRef = 089E06F52BC5D94300632641 /* AdminService.swift */; };
		089E07212BC5D94300632641 /* APIPath.swift in Sources */ = {isa = PBXBuildFile; fileRef = 089E06F62BC5D94300632641 /* APIPath.swift */; };
		089E07222BC5D94300632641 /* CurrentUser.swift in Sources */ = {isa = PBXBuildFile; fileRef = 089E06F82BC5D94300632641 /* CurrentUser.swift */; };
		089E07232BC5D94300632641 /* CardModel.swift in Sources */ = {isa = PBXBuildFile; fileRef = 089E06F92BC5D94300632641 /* CardModel.swift */; };
		089E07242BC5D94300632641 /* CardType.swift in Sources */ = {isa = PBXBuildFile; fileRef = 089E06FB2BC5D94300632641 /* CardType.swift */; };
		089E07252BC5D94300632641 /* RoleType.swift in Sources */ = {isa = PBXBuildFile; fileRef = 089E06FC2BC5D94300632641 /* RoleType.swift */; };
		089E07262BC5D94300632641 /* AccessPortalModel.swift in Sources */ = {isa = PBXBuildFile; fileRef = 089E06FD2BC5D94300632641 /* AccessPortalModel.swift */; };
		089E07272BC5D94300632641 /* UserModel.swift in Sources */ = {isa = PBXBuildFile; fileRef = 089E06FE2BC5D94300632641 /* UserModel.swift */; };
		089E07292BC5D94300632641 /* AlertService.swift in Sources */ = {isa = PBXBuildFile; fileRef = 089E07012BC5D94300632641 /* AlertService.swift */; };
		089E072A2BC5D94300632641 /* UserSessionService.swift in Sources */ = {isa = PBXBuildFile; fileRef = 089E07022BC5D94300632641 /* UserSessionService.swift */; };
		089E072B2BC5D94300632641 /* StringConverter.swift in Sources */ = {isa = PBXBuildFile; fileRef = 089E07042BC5D94300632641 /* StringConverter.swift */; };
		089E072C2BC5D94300632641 /* Extansions.swift in Sources */ = {isa = PBXBuildFile; fileRef = 089E07052BC5D94300632641 /* Extansions.swift */; };
		089E072D2BC5D94300632641 /* Validators.swift in Sources */ = {isa = PBXBuildFile; fileRef = 089E07062BC5D94300632641 /* Validators.swift */; };
		089E072E2BC5D94300632641 /* Comfortaa.ttf in Resources */ = {isa = PBXBuildFile; fileRef = 089E07082BC5D94300632641 /* Comfortaa.ttf */; };
		089E072F2BC5D94300632641 /* Localization.swift in Sources */ = {isa = PBXBuildFile; fileRef = 089E070A2BC5D94300632641 /* Localization.swift */; };
		089E07302BC5D94300632641 /* AppTheme.swift in Sources */ = {isa = PBXBuildFile; fileRef = 089E070B2BC5D94300632641 /* AppTheme.swift */; };
		089E07312BC5D94300632641 /* DateFormatterExtensions.swift in Sources */ = {isa = PBXBuildFile; fileRef = 089E070D2BC5D94300632641 /* DateFormatterExtensions.swift */; };
		089E07322BC5D94300632641 /* ContentView.swift in Sources */ = {isa = PBXBuildFile; fileRef = 089E070E2BC5D94300632641 /* ContentView.swift */; };
		089E078A2BC5DA7500632641 /* CardCellView.swift in Sources */ = {isa = PBXBuildFile; fileRef = 089E077A2BC5DA7500632641 /* CardCellView.swift */; };
		089E078B2BC5DA7500632641 /* SettingsPopUpView.swift in Sources */ = {isa = PBXBuildFile; fileRef = 089E077B2BC5DA7500632641 /* SettingsPopUpView.swift */; };
		089E078C2BC5DA7500632641 /* SettingsView.swift in Sources */ = {isa = PBXBuildFile; fileRef = 089E077C2BC5DA7500632641 /* SettingsView.swift */; };
		089E078D2BC5DA7500632641 /* OpenCloseView.swift in Sources */ = {isa = PBXBuildFile; fileRef = 089E077E2BC5DA7500632641 /* OpenCloseView.swift */; };
		089E078E2BC5DA7500632641 /* MembershipConfirmationView.swift in Sources */ = {isa = PBXBuildFile; fileRef = 089E077F2BC5DA7500632641 /* MembershipConfirmationView.swift */; };
		089E078F2BC5DA7500632641 /* FeedBackControlView.swift in Sources */ = {isa = PBXBuildFile; fileRef = 089E07802BC5DA7500632641 /* FeedBackControlView.swift */; };
		089E07902BC5DA7500632641 /* MemberManagementView.swift in Sources */ = {isa = PBXBuildFile; fileRef = 089E07812BC5DA7500632641 /* MemberManagementView.swift */; };
		089E07912BC5DA7500632641 /* LaboratoryActivationView.swift in Sources */ = {isa = PBXBuildFile; fileRef = 089E07822BC5DA7500632641 /* LaboratoryActivationView.swift */; };
		089E07922BC5DA7500632641 /* CardIndetificationView.swift in Sources */ = {isa = PBXBuildFile; fileRef = 089E07832BC5DA7500632641 /* CardIndetificationView.swift */; };
		089E07932BC5DA7500632641 /* AdminMenuView.swift in Sources */ = {isa = PBXBuildFile; fileRef = 089E07842BC5DA7500632641 /* AdminMenuView.swift */; };
		089E07942BC5DA7500632641 /* HomeView.swift in Sources */ = {isa = PBXBuildFile; fileRef = 089E07852BC5DA7500632641 /* HomeView.swift */; };
		089E07952BC5DA7500632641 /* InitialView.swift in Sources */ = {isa = PBXBuildFile; fileRef = 089E07862BC5DA7500632641 /* InitialView.swift */; };
		089E07962BC5DA7500632641 /* AuthView.swift in Sources */ = {isa = PBXBuildFile; fileRef = 089E07872BC5DA7500632641 /* AuthView.swift */; };
		089E07972BC5DA7500632641 /* SplashView.swift in Sources */ = {isa = PBXBuildFile; fileRef = 089E07882BC5DA7500632641 /* SplashView.swift */; };
		089E07982BC5DA7500632641 /* NotificationView.swift in Sources */ = {isa = PBXBuildFile; fileRef = 089E07892BC5DA7500632641 /* NotificationView.swift */; };
		089E079A2BC5DB2300632641 /* GoogleService-Info.plist in Resources */ = {isa = PBXBuildFile; fileRef = 089E07992BC5DB2300632641 /* GoogleService-Info.plist */; };
		089E079E2BC5E09400632641 /* Constants.swift in Sources */ = {isa = PBXBuildFile; fileRef = 089E079D2BC5E09400632641 /* Constants.swift */; };
/* End PBXBuildFile section */

/* Begin PBXFileReference section */
		082EC2542C1A76E700F88D8D /* GraphsView.swift */ = {isa = PBXFileReference; lastKnownFileType = sourcecode.swift; path = GraphsView.swift; sourceTree = "<group>"; };
		082EC2562C1A7E0400F88D8D /* GraphsViewModel.swift */ = {isa = PBXFileReference; lastKnownFileType = sourcecode.swift; path = GraphsViewModel.swift; sourceTree = "<group>"; };
		0844D4C12C16472800726A1E /* AccessPortalsAccessibleResponse.swift */ = {isa = PBXFileReference; lastKnownFileType = sourcecode.swift; path = AccessPortalsAccessibleResponse.swift; sourceTree = "<group>"; };
		089E06C82BC5D74900632641 /* SmartLabEntry.app */ = {isa = PBXFileReference; explicitFileType = wrapper.application; includeInIndex = 0; path = SmartLabEntry.app; sourceTree = BUILT_PRODUCTS_DIR; };
		089E06CB2BC5D74900632641 /* SmartLabEntryApp.swift */ = {isa = PBXFileReference; lastKnownFileType = sourcecode.swift; path = SmartLabEntryApp.swift; sourceTree = "<group>"; };
		089E06CF2BC5D74A00632641 /* Assets.xcassets */ = {isa = PBXFileReference; lastKnownFileType = folder.assetcatalog; path = Assets.xcassets; sourceTree = "<group>"; };
		089E06D22BC5D74A00632641 /* Preview Assets.xcassets */ = {isa = PBXFileReference; lastKnownFileType = folder.assetcatalog; path = "Preview Assets.xcassets"; sourceTree = "<group>"; };
		089E06DB2BC5D8F600632641 /* HomeViewModel.swift */ = {isa = PBXFileReference; fileEncoding = 4; lastKnownFileType = sourcecode.swift; path = HomeViewModel.swift; sourceTree = "<group>"; };
		089E06DC2BC5D8F600632641 /* AuthViewModel.swift */ = {isa = PBXFileReference; fileEncoding = 4; lastKnownFileType = sourcecode.swift; path = AuthViewModel.swift; sourceTree = "<group>"; };
		089E06E12BC5D94300632641 /* UserStatusResponse.swift */ = {isa = PBXFileReference; fileEncoding = 4; lastKnownFileType = sourcecode.swift; path = UserStatusResponse.swift; sourceTree = "<group>"; };
		089E06E22BC5D94300632641 /* AccessPortalStatusResponse.swift */ = {isa = PBXFileReference; fileEncoding = 4; lastKnownFileType = sourcecode.swift; path = AccessPortalStatusResponse.swift; sourceTree = "<group>"; };
		089E06E32BC5D94300632641 /* NotVerifiedUsersResponse.swift */ = {isa = PBXFileReference; fileEncoding = 4; lastKnownFileType = sourcecode.swift; path = NotVerifiedUsersResponse.swift; sourceTree = "<group>"; };
		089E06E42BC5D94300632641 /* GenericResponse.swift */ = {isa = PBXFileReference; fileEncoding = 4; lastKnownFileType = sourcecode.swift; path = GenericResponse.swift; sourceTree = "<group>"; };
		089E06E52BC5D94300632641 /* UserDetailsResponse.swift */ = {isa = PBXFileReference; fileEncoding = 4; lastKnownFileType = sourcecode.swift; path = UserDetailsResponse.swift; sourceTree = "<group>"; };
		089E06E72BC5D94300632641 /* ResetPortalRequest.swift */ = {isa = PBXFileReference; fileEncoding = 4; lastKnownFileType = sourcecode.swift; path = ResetPortalRequest.swift; sourceTree = "<group>"; };
		089E06E82BC5D94300632641 /* userAccessPortalRequest.swift */ = {isa = PBXFileReference; fileEncoding = 4; lastKnownFileType = sourcecode.swift; path = userAccessPortalRequest.swift; sourceTree = "<group>"; };
		089E06E92BC5D94300632641 /* VerifyUserRequest.swift */ = {isa = PBXFileReference; fileEncoding = 4; lastKnownFileType = sourcecode.swift; path = VerifyUserRequest.swift; sourceTree = "<group>"; };
		089E06EA2BC5D94300632641 /* AccessPortalRequest.swift */ = {isa = PBXFileReference; fileEncoding = 4; lastKnownFileType = sourcecode.swift; path = AccessPortalRequest.swift; sourceTree = "<group>"; };
		089E06EB2BC5D94300632641 /* AssignRfidRequest.swift */ = {isa = PBXFileReference; fileEncoding = 4; lastKnownFileType = sourcecode.swift; path = AssignRfidRequest.swift; sourceTree = "<group>"; };
		089E06EC2BC5D94300632641 /* UserRegistrationRequest.swift */ = {isa = PBXFileReference; fileEncoding = 4; lastKnownFileType = sourcecode.swift; path = UserRegistrationRequest.swift; sourceTree = "<group>"; };
		089E06EE2BC5D94300632641 /* HTTPHeadersExtension.swift */ = {isa = PBXFileReference; fileEncoding = 4; lastKnownFileType = sourcecode.swift; path = HTTPHeadersExtension.swift; sourceTree = "<group>"; };
		089E06EF2BC5D94300632641 /* NetworkUtility.swift */ = {isa = PBXFileReference; fileEncoding = 4; lastKnownFileType = sourcecode.swift; path = NetworkUtility.swift; sourceTree = "<group>"; };
		089E06F02BC5D94300632641 /* NetworkError.swift */ = {isa = PBXFileReference; fileEncoding = 4; lastKnownFileType = sourcecode.swift; path = NetworkError.swift; sourceTree = "<group>"; };
		089E06F22BC5D94300632641 /* AccessPortalService.swift */ = {isa = PBXFileReference; fileEncoding = 4; lastKnownFileType = sourcecode.swift; path = AccessPortalService.swift; sourceTree = "<group>"; };
		089E06F32BC5D94300632641 /* UserService.swift */ = {isa = PBXFileReference; fileEncoding = 4; lastKnownFileType = sourcecode.swift; path = UserService.swift; sourceTree = "<group>"; };
		089E06F42BC5D94300632641 /* BaseService.swift */ = {isa = PBXFileReference; fileEncoding = 4; lastKnownFileType = sourcecode.swift; path = BaseService.swift; sourceTree = "<group>"; };
		089E06F52BC5D94300632641 /* AdminService.swift */ = {isa = PBXFileReference; fileEncoding = 4; lastKnownFileType = sourcecode.swift; path = AdminService.swift; sourceTree = "<group>"; };
		089E06F62BC5D94300632641 /* APIPath.swift */ = {isa = PBXFileReference; fileEncoding = 4; lastKnownFileType = sourcecode.swift; path = APIPath.swift; sourceTree = "<group>"; };
		089E06F82BC5D94300632641 /* CurrentUser.swift */ = {isa = PBXFileReference; fileEncoding = 4; lastKnownFileType = sourcecode.swift; path = CurrentUser.swift; sourceTree = "<group>"; };
		089E06F92BC5D94300632641 /* CardModel.swift */ = {isa = PBXFileReference; fileEncoding = 4; lastKnownFileType = sourcecode.swift; path = CardModel.swift; sourceTree = "<group>"; };
		089E06FB2BC5D94300632641 /* CardType.swift */ = {isa = PBXFileReference; fileEncoding = 4; lastKnownFileType = sourcecode.swift; path = CardType.swift; sourceTree = "<group>"; };
		089E06FC2BC5D94300632641 /* RoleType.swift */ = {isa = PBXFileReference; fileEncoding = 4; lastKnownFileType = sourcecode.swift; path = RoleType.swift; sourceTree = "<group>"; };
		089E06FD2BC5D94300632641 /* AccessPortalModel.swift */ = {isa = PBXFileReference; fileEncoding = 4; lastKnownFileType = sourcecode.swift; path = AccessPortalModel.swift; sourceTree = "<group>"; };
		089E06FE2BC5D94300632641 /* UserModel.swift */ = {isa = PBXFileReference; fileEncoding = 4; lastKnownFileType = sourcecode.swift; path = UserModel.swift; sourceTree = "<group>"; };
		089E07012BC5D94300632641 /* AlertService.swift */ = {isa = PBXFileReference; fileEncoding = 4; lastKnownFileType = sourcecode.swift; path = AlertService.swift; sourceTree = "<group>"; };
		089E07022BC5D94300632641 /* UserSessionService.swift */ = {isa = PBXFileReference; fileEncoding = 4; lastKnownFileType = sourcecode.swift; path = UserSessionService.swift; sourceTree = "<group>"; };
		089E07042BC5D94300632641 /* StringConverter.swift */ = {isa = PBXFileReference; fileEncoding = 4; lastKnownFileType = sourcecode.swift; path = StringConverter.swift; sourceTree = "<group>"; };
		089E07052BC5D94300632641 /* Extansions.swift */ = {isa = PBXFileReference; fileEncoding = 4; lastKnownFileType = sourcecode.swift; path = Extansions.swift; sourceTree = "<group>"; };
		089E07062BC5D94300632641 /* Validators.swift */ = {isa = PBXFileReference; fileEncoding = 4; lastKnownFileType = sourcecode.swift; path = Validators.swift; sourceTree = "<group>"; };
		089E07082BC5D94300632641 /* Comfortaa.ttf */ = {isa = PBXFileReference; lastKnownFileType = file; path = Comfortaa.ttf; sourceTree = "<group>"; };
		089E070A2BC5D94300632641 /* Localization.swift */ = {isa = PBXFileReference; fileEncoding = 4; lastKnownFileType = sourcecode.swift; path = Localization.swift; sourceTree = "<group>"; };
		089E070B2BC5D94300632641 /* AppTheme.swift */ = {isa = PBXFileReference; fileEncoding = 4; lastKnownFileType = sourcecode.swift; path = AppTheme.swift; sourceTree = "<group>"; };
		089E070D2BC5D94300632641 /* DateFormatterExtensions.swift */ = {isa = PBXFileReference; fileEncoding = 4; lastKnownFileType = sourcecode.swift; path = DateFormatterExtensions.swift; sourceTree = "<group>"; };
		089E070E2BC5D94300632641 /* ContentView.swift */ = {isa = PBXFileReference; fileEncoding = 4; lastKnownFileType = sourcecode.swift; path = ContentView.swift; sourceTree = "<group>"; };
		089E077A2BC5DA7500632641 /* CardCellView.swift */ = {isa = PBXFileReference; fileEncoding = 4; lastKnownFileType = sourcecode.swift; path = CardCellView.swift; sourceTree = "<group>"; };
		089E077B2BC5DA7500632641 /* SettingsPopUpView.swift */ = {isa = PBXFileReference; fileEncoding = 4; lastKnownFileType = sourcecode.swift; path = SettingsPopUpView.swift; sourceTree = "<group>"; };
		089E077C2BC5DA7500632641 /* SettingsView.swift */ = {isa = PBXFileReference; fileEncoding = 4; lastKnownFileType = sourcecode.swift; path = SettingsView.swift; sourceTree = "<group>"; };
		089E077E2BC5DA7500632641 /* OpenCloseView.swift */ = {isa = PBXFileReference; fileEncoding = 4; lastKnownFileType = sourcecode.swift; path = OpenCloseView.swift; sourceTree = "<group>"; };
		089E077F2BC5DA7500632641 /* MembershipConfirmationView.swift */ = {isa = PBXFileReference; fileEncoding = 4; lastKnownFileType = sourcecode.swift; path = MembershipConfirmationView.swift; sourceTree = "<group>"; };
		089E07802BC5DA7500632641 /* FeedBackControlView.swift */ = {isa = PBXFileReference; fileEncoding = 4; lastKnownFileType = sourcecode.swift; path = FeedBackControlView.swift; sourceTree = "<group>"; };
		089E07812BC5DA7500632641 /* MemberManagementView.swift */ = {isa = PBXFileReference; fileEncoding = 4; lastKnownFileType = sourcecode.swift; path = MemberManagementView.swift; sourceTree = "<group>"; };
		089E07822BC5DA7500632641 /* LaboratoryActivationView.swift */ = {isa = PBXFileReference; fileEncoding = 4; lastKnownFileType = sourcecode.swift; path = LaboratoryActivationView.swift; sourceTree = "<group>"; };
		089E07832BC5DA7500632641 /* CardIndetificationView.swift */ = {isa = PBXFileReference; fileEncoding = 4; lastKnownFileType = sourcecode.swift; path = CardIndetificationView.swift; sourceTree = "<group>"; };
		089E07842BC5DA7500632641 /* AdminMenuView.swift */ = {isa = PBXFileReference; fileEncoding = 4; lastKnownFileType = sourcecode.swift; path = AdminMenuView.swift; sourceTree = "<group>"; };
		089E07852BC5DA7500632641 /* HomeView.swift */ = {isa = PBXFileReference; fileEncoding = 4; lastKnownFileType = sourcecode.swift; path = HomeView.swift; sourceTree = "<group>"; };
		089E07862BC5DA7500632641 /* InitialView.swift */ = {isa = PBXFileReference; fileEncoding = 4; lastKnownFileType = sourcecode.swift; path = InitialView.swift; sourceTree = "<group>"; };
		089E07872BC5DA7500632641 /* AuthView.swift */ = {isa = PBXFileReference; fileEncoding = 4; lastKnownFileType = sourcecode.swift; path = AuthView.swift; sourceTree = "<group>"; };
		089E07882BC5DA7500632641 /* SplashView.swift */ = {isa = PBXFileReference; fileEncoding = 4; lastKnownFileType = sourcecode.swift; path = SplashView.swift; sourceTree = "<group>"; };
		089E07892BC5DA7500632641 /* NotificationView.swift */ = {isa = PBXFileReference; fileEncoding = 4; lastKnownFileType = sourcecode.swift; path = NotificationView.swift; sourceTree = "<group>"; };
		089E07992BC5DB2300632641 /* GoogleService-Info.plist */ = {isa = PBXFileReference; fileEncoding = 4; lastKnownFileType = text.plist.xml; path = "GoogleService-Info.plist"; sourceTree = "<group>"; };
		089E079D2BC5E09400632641 /* Constants.swift */ = {isa = PBXFileReference; lastKnownFileType = sourcecode.swift; path = Constants.swift; sourceTree = "<group>"; };
/* End PBXFileReference section */

/* Begin PBXFrameworksBuildPhase section */
		089E06C52BC5D74900632641 /* Frameworks */ = {
			isa = PBXFrameworksBuildPhase;
			buildActionMask = 2147483647;
			files = (
				0844D4BD2C162AAA00726A1E /* SwipeActions in Frameworks */,
				082EC25A2C1A836500F88D8D /* Shimmer in Frameworks */,
				0844D4C02C162B0800726A1E /* Alamofire in Frameworks */,
				0844D4B42C1629D500726A1E /* FirebaseAuth in Frameworks */,
				0844D4B72C1629F700726A1E /* SwiftUIPager in Frameworks */,
			);
			runOnlyForDeploymentPostprocessing = 0;
		};
/* End PBXFrameworksBuildPhase section */

/* Begin PBXGroup section */
		089E06BF2BC5D74900632641 = {
			isa = PBXGroup;
			children = (
				089E06CA2BC5D74900632641 /* SmartLabEntry */,
				089E06C92BC5D74900632641 /* Products */,
			);
			sourceTree = "<group>";
		};
		089E06C92BC5D74900632641 /* Products */ = {
			isa = PBXGroup;
			children = (
				089E06C82BC5D74900632641 /* SmartLabEntry.app */,
			);
			name = Products;
			sourceTree = "<group>";
		};
		089E06CA2BC5D74900632641 /* SmartLabEntry */ = {
			isa = PBXGroup;
			children = (
				089E07992BC5DB2300632641 /* GoogleService-Info.plist */,
				089E06D92BC5D89000632641 /* App */,
				089E070C2BC5D94300632641 /* Extensions */,
				089E06F72BC5D94300632641 /* Models */,
				089E06DF2BC5D94300632641 /* Networks */,
				089E07092BC5D94300632641 /* Resources */,
				089E07002BC5D94300632641 /* Services */,
				089E07032BC5D94300632641 /* Utils */,
				089E06DA2BC5D8F600632641 /* ViewModels */,
				089E07782BC5DA7500632641 /* Views */,
				089E070E2BC5D94300632641 /* ContentView.swift */,
				089E06CF2BC5D74A00632641 /* Assets.xcassets */,
				089E06D12BC5D74A00632641 /* Preview Content */,
			);
			path = SmartLabEntry;
			sourceTree = "<group>";
		};
		089E06D12BC5D74A00632641 /* Preview Content */ = {
			isa = PBXGroup;
			children = (
				089E06D22BC5D74A00632641 /* Preview Assets.xcassets */,
			);
			path = "Preview Content";
			sourceTree = "<group>";
		};
		089E06D92BC5D89000632641 /* App */ = {
			isa = PBXGroup;
			children = (
				089E06CB2BC5D74900632641 /* SmartLabEntryApp.swift */,
			);
			path = App;
			sourceTree = "<group>";
		};
		089E06DA2BC5D8F600632641 /* ViewModels */ = {
			isa = PBXGroup;
			children = (
				089E06DB2BC5D8F600632641 /* HomeViewModel.swift */,
				089E06DC2BC5D8F600632641 /* AuthViewModel.swift */,
				082EC2562C1A7E0400F88D8D /* GraphsViewModel.swift */,
			);
			path = ViewModels;
			sourceTree = "<group>";
		};
		089E06DF2BC5D94300632641 /* Networks */ = {
			isa = PBXGroup;
			children = (
				089E06E02BC5D94300632641 /* Responses */,
				089E06E62BC5D94300632641 /* Requests */,
				089E06ED2BC5D94300632641 /* Utilities */,
				089E06F12BC5D94300632641 /* Services */,
				089E06F62BC5D94300632641 /* APIPath.swift */,
			);
			path = Networks;
			sourceTree = "<group>";
		};
		089E06E02BC5D94300632641 /* Responses */ = {
			isa = PBXGroup;
			children = (
				089E06E12BC5D94300632641 /* UserStatusResponse.swift */,
				089E06E22BC5D94300632641 /* AccessPortalStatusResponse.swift */,
				089E06E32BC5D94300632641 /* NotVerifiedUsersResponse.swift */,
				089E06E42BC5D94300632641 /* GenericResponse.swift */,
				089E06E52BC5D94300632641 /* UserDetailsResponse.swift */,
				0844D4C12C16472800726A1E /* AccessPortalsAccessibleResponse.swift */,
			);
			path = Responses;
			sourceTree = "<group>";
		};
		089E06E62BC5D94300632641 /* Requests */ = {
			isa = PBXGroup;
			children = (
				089E06E72BC5D94300632641 /* ResetPortalRequest.swift */,
				089E06E82BC5D94300632641 /* userAccessPortalRequest.swift */,
				089E06E92BC5D94300632641 /* VerifyUserRequest.swift */,
				089E06EA2BC5D94300632641 /* AccessPortalRequest.swift */,
				089E06EB2BC5D94300632641 /* AssignRfidRequest.swift */,
				089E06EC2BC5D94300632641 /* UserRegistrationRequest.swift */,
			);
			path = Requests;
			sourceTree = "<group>";
		};
		089E06ED2BC5D94300632641 /* Utilities */ = {
			isa = PBXGroup;
			children = (
				089E06EE2BC5D94300632641 /* HTTPHeadersExtension.swift */,
				089E06EF2BC5D94300632641 /* NetworkUtility.swift */,
				089E06F02BC5D94300632641 /* NetworkError.swift */,
			);
			path = Utilities;
			sourceTree = "<group>";
		};
		089E06F12BC5D94300632641 /* Services */ = {
			isa = PBXGroup;
			children = (
				089E06F22BC5D94300632641 /* AccessPortalService.swift */,
				089E06F32BC5D94300632641 /* UserService.swift */,
				089E06F42BC5D94300632641 /* BaseService.swift */,
				089E06F52BC5D94300632641 /* AdminService.swift */,
			);
			path = Services;
			sourceTree = "<group>";
		};
		089E06F72BC5D94300632641 /* Models */ = {
			isa = PBXGroup;
			children = (
				089E06F82BC5D94300632641 /* CurrentUser.swift */,
				089E06F92BC5D94300632641 /* CardModel.swift */,
				089E06FA2BC5D94300632641 /* Enum */,
				089E06FD2BC5D94300632641 /* AccessPortalModel.swift */,
				089E06FE2BC5D94300632641 /* UserModel.swift */,
			);
			path = Models;
			sourceTree = "<group>";
		};
		089E06FA2BC5D94300632641 /* Enum */ = {
			isa = PBXGroup;
			children = (
				089E06FB2BC5D94300632641 /* CardType.swift */,
				089E06FC2BC5D94300632641 /* RoleType.swift */,
			);
			path = Enum;
			sourceTree = "<group>";
		};
		089E07002BC5D94300632641 /* Services */ = {
			isa = PBXGroup;
			children = (
				089E07012BC5D94300632641 /* AlertService.swift */,
				089E07022BC5D94300632641 /* UserSessionService.swift */,
			);
			path = Services;
			sourceTree = "<group>";
		};
		089E07032BC5D94300632641 /* Utils */ = {
			isa = PBXGroup;
			children = (
				089E07042BC5D94300632641 /* StringConverter.swift */,
				089E07052BC5D94300632641 /* Extansions.swift */,
				089E07062BC5D94300632641 /* Validators.swift */,
			);
			path = Utils;
			sourceTree = "<group>";
		};
		089E07072BC5D94300632641 /* Fonts */ = {
			isa = PBXGroup;
			children = (
				089E07082BC5D94300632641 /* Comfortaa.ttf */,
			);
			path = Fonts;
			sourceTree = "<group>";
		};
		089E07092BC5D94300632641 /* Resources */ = {
			isa = PBXGroup;
			children = (
				089E07072BC5D94300632641 /* Fonts */,
				089E070A2BC5D94300632641 /* Localization.swift */,
				089E070B2BC5D94300632641 /* AppTheme.swift */,
				089E079D2BC5E09400632641 /* Constants.swift */,
			);
			path = Resources;
			sourceTree = "<group>";
		};
		089E070C2BC5D94300632641 /* Extensions */ = {
			isa = PBXGroup;
			children = (
				089E070D2BC5D94300632641 /* DateFormatterExtensions.swift */,
			);
			path = Extensions;
			sourceTree = "<group>";
		};
		089E07782BC5DA7500632641 /* Views */ = {
			isa = PBXGroup;
			children = (
				089E07792BC5DA7500632641 /* Cells */,
				089E077C2BC5DA7500632641 /* SettingsView.swift */,
				089E077D2BC5DA7500632641 /* Admin */,
				089E07852BC5DA7500632641 /* HomeView.swift */,
				089E07862BC5DA7500632641 /* InitialView.swift */,
				089E07872BC5DA7500632641 /* AuthView.swift */,
				089E07882BC5DA7500632641 /* SplashView.swift */,
				089E07892BC5DA7500632641 /* NotificationView.swift */,
				082EC2542C1A76E700F88D8D /* GraphsView.swift */,
			);
			path = Views;
			sourceTree = "<group>";
		};
		089E07792BC5DA7500632641 /* Cells */ = {
			isa = PBXGroup;
			children = (
				089E077A2BC5DA7500632641 /* CardCellView.swift */,
				089E077B2BC5DA7500632641 /* SettingsPopUpView.swift */,
			);
			path = Cells;
			sourceTree = "<group>";
		};
		089E077D2BC5DA7500632641 /* Admin */ = {
			isa = PBXGroup;
			children = (
				089E077E2BC5DA7500632641 /* OpenCloseView.swift */,
				089E077F2BC5DA7500632641 /* MembershipConfirmationView.swift */,
				089E07802BC5DA7500632641 /* FeedBackControlView.swift */,
				089E07812BC5DA7500632641 /* MemberManagementView.swift */,
				089E07822BC5DA7500632641 /* LaboratoryActivationView.swift */,
				089E07832BC5DA7500632641 /* CardIndetificationView.swift */,
				089E07842BC5DA7500632641 /* AdminMenuView.swift */,
			);
			path = Admin;
			sourceTree = "<group>";
		};
/* End PBXGroup section */

/* Begin PBXNativeTarget section */
		089E06C72BC5D74900632641 /* SmartLabEntry */ = {
			isa = PBXNativeTarget;
			buildConfigurationList = 089E06D62BC5D74A00632641 /* Build configuration list for PBXNativeTarget "SmartLabEntry" */;
			buildPhases = (
				089E06C42BC5D74900632641 /* Sources */,
				089E06C52BC5D74900632641 /* Frameworks */,
				089E06C62BC5D74900632641 /* Resources */,
			);
			buildRules = (
			);
			dependencies = (
			);
			name = SmartLabEntry;
			packageProductDependencies = (
				0844D4B32C1629D500726A1E /* FirebaseAuth */,
				0844D4B62C1629F700726A1E /* SwiftUIPager */,
				0844D4BC2C162AAA00726A1E /* SwipeActions */,
				0844D4BF2C162B0800726A1E /* Alamofire */,
				082EC2592C1A836500F88D8D /* Shimmer */,
			);
			productName = SmartLabEntry;
			productReference = 089E06C82BC5D74900632641 /* SmartLabEntry.app */;
			productType = "com.apple.product-type.application";
		};
/* End PBXNativeTarget section */

/* Begin PBXProject section */
		089E06C02BC5D74900632641 /* Project object */ = {
			isa = PBXProject;
			attributes = {
				BuildIndependentTargetsInParallel = 1;
				LastSwiftUpdateCheck = 1520;
				LastUpgradeCheck = 1520;
				TargetAttributes = {
					089E06C72BC5D74900632641 = {
						CreatedOnToolsVersion = 15.2;
					};
				};
			};
			buildConfigurationList = 089E06C32BC5D74900632641 /* Build configuration list for PBXProject "SmartLabEntry" */;
			compatibilityVersion = "Xcode 14.0";
			developmentRegion = en;
			hasScannedForEncodings = 0;
			knownRegions = (
				en,
				Base,
			);
			mainGroup = 089E06BF2BC5D74900632641;
			packageReferences = (
				0844D4B22C1629D500726A1E /* XCRemoteSwiftPackageReference "firebase-ios-sdk" */,
				0844D4B52C1629F700726A1E /* XCRemoteSwiftPackageReference "SwiftUIPager" */,
				0844D4BB2C162AAA00726A1E /* XCRemoteSwiftPackageReference "SwipeActions" */,
				0844D4BE2C162B0800726A1E /* XCRemoteSwiftPackageReference "Alamofire" */,
				082EC2582C1A836500F88D8D /* XCRemoteSwiftPackageReference "SwiftUI-Shimmer" */,
			);
			productRefGroup = 089E06C92BC5D74900632641 /* Products */;
			projectDirPath = "";
			projectRoot = "";
			targets = (
				089E06C72BC5D74900632641 /* SmartLabEntry */,
			);
		};
/* End PBXProject section */

/* Begin PBXResourcesBuildPhase section */
		089E06C62BC5D74900632641 /* Resources */ = {
			isa = PBXResourcesBuildPhase;
			buildActionMask = 2147483647;
			files = (
				089E06D32BC5D74A00632641 /* Preview Assets.xcassets in Resources */,
				089E072E2BC5D94300632641 /* Comfortaa.ttf in Resources */,
				089E079A2BC5DB2300632641 /* GoogleService-Info.plist in Resources */,
				089E06D02BC5D74A00632641 /* Assets.xcassets in Resources */,
			);
			runOnlyForDeploymentPostprocessing = 0;
		};
/* End PBXResourcesBuildPhase section */

/* Begin PBXSourcesBuildPhase section */
		089E06C42BC5D74900632641 /* Sources */ = {
			isa = PBXSourcesBuildPhase;
			buildActionMask = 2147483647;
			files = (
				089E071C2BC5D94300632641 /* NetworkError.swift in Sources */,
				089E07132BC5D94300632641 /* UserDetailsResponse.swift in Sources */,
				089E07972BC5DA7500632641 /* SplashView.swift in Sources */,
				089E07982BC5DA7500632641 /* NotificationView.swift in Sources */,
				0844D4C22C16472800726A1E /* AccessPortalsAccessibleResponse.swift in Sources */,
				089E07262BC5D94300632641 /* AccessPortalModel.swift in Sources */,
				089E07222BC5D94300632641 /* CurrentUser.swift in Sources */,
				089E072B2BC5D94300632641 /* StringConverter.swift in Sources */,
				089E07202BC5D94300632641 /* AdminService.swift in Sources */,
				089E06CC2BC5D74900632641 /* SmartLabEntryApp.swift in Sources */,
				089E07252BC5D94300632641 /* RoleType.swift in Sources */,
				089E078E2BC5DA7500632641 /* MembershipConfirmationView.swift in Sources */,
				082EC2552C1A76E700F88D8D /* GraphsView.swift in Sources */,
				089E07232BC5D94300632641 /* CardModel.swift in Sources */,
				089E07142BC5D94300632641 /* ResetPortalRequest.swift in Sources */,
				089E07312BC5D94300632641 /* DateFormatterExtensions.swift in Sources */,
				089E07322BC5D94300632641 /* ContentView.swift in Sources */,
				089E078D2BC5DA7500632641 /* OpenCloseView.swift in Sources */,
				089E07912BC5DA7500632641 /* LaboratoryActivationView.swift in Sources */,
				089E07112BC5D94300632641 /* NotVerifiedUsersResponse.swift in Sources */,
				089E07962BC5DA7500632641 /* AuthView.swift in Sources */,
				089E07922BC5DA7500632641 /* CardIndetificationView.swift in Sources */,
				089E071A2BC5D94300632641 /* HTTPHeadersExtension.swift in Sources */,
				089E070F2BC5D94300632641 /* UserStatusResponse.swift in Sources */,
				089E078B2BC5DA7500632641 /* SettingsPopUpView.swift in Sources */,
				089E07162BC5D94300632641 /* VerifyUserRequest.swift in Sources */,
				089E07302BC5D94300632641 /* AppTheme.swift in Sources */,
				089E07212BC5D94300632641 /* APIPath.swift in Sources */,
				089E071F2BC5D94300632641 /* BaseService.swift in Sources */,
				089E07102BC5D94300632641 /* AccessPortalStatusResponse.swift in Sources */,
				089E07192BC5D94300632641 /* UserRegistrationRequest.swift in Sources */,
				089E072F2BC5D94300632641 /* Localization.swift in Sources */,
				089E07902BC5DA7500632641 /* MemberManagementView.swift in Sources */,
				089E072A2BC5D94300632641 /* UserSessionService.swift in Sources */,
				089E07292BC5D94300632641 /* AlertService.swift in Sources */,
				089E078C2BC5DA7500632641 /* SettingsView.swift in Sources */,
				089E07152BC5D94300632641 /* userAccessPortalRequest.swift in Sources */,
				089E07182BC5D94300632641 /* AssignRfidRequest.swift in Sources */,
				089E06DD2BC5D8F600632641 /* HomeViewModel.swift in Sources */,
				089E072C2BC5D94300632641 /* Extansions.swift in Sources */,
				089E071E2BC5D94300632641 /* UserService.swift in Sources */,
				082EC2572C1A7E0400F88D8D /* GraphsViewModel.swift in Sources */,
				089E07932BC5DA7500632641 /* AdminMenuView.swift in Sources */,
				089E071D2BC5D94300632641 /* AccessPortalService.swift in Sources */,
				089E078F2BC5DA7500632641 /* FeedBackControlView.swift in Sources */,
				089E078A2BC5DA7500632641 /* CardCellView.swift in Sources */,
				089E072D2BC5D94300632641 /* Validators.swift in Sources */,
				089E07272BC5D94300632641 /* UserModel.swift in Sources */,
				089E07172BC5D94300632641 /* AccessPortalRequest.swift in Sources */,
				089E071B2BC5D94300632641 /* NetworkUtility.swift in Sources */,
				089E06DE2BC5D8F600632641 /* AuthViewModel.swift in Sources */,
				089E07942BC5DA7500632641 /* HomeView.swift in Sources */,
				089E07242BC5D94300632641 /* CardType.swift in Sources */,
				089E079E2BC5E09400632641 /* Constants.swift in Sources */,
				089E07952BC5DA7500632641 /* InitialView.swift in Sources */,
				089E07122BC5D94300632641 /* GenericResponse.swift in Sources */,
			);
			runOnlyForDeploymentPostprocessing = 0;
		};
/* End PBXSourcesBuildPhase section */

/* Begin XCBuildConfiguration section */
		089E06D42BC5D74A00632641 /* Debug */ = {
			isa = XCBuildConfiguration;
			buildSettings = {
				ALWAYS_SEARCH_USER_PATHS = NO;
				ASSETCATALOG_COMPILER_GENERATE_SWIFT_ASSET_SYMBOL_EXTENSIONS = YES;
				CLANG_ANALYZER_NONNULL = YES;
				CLANG_ANALYZER_NUMBER_OBJECT_CONVERSION = YES_AGGRESSIVE;
				CLANG_CXX_LANGUAGE_STANDARD = "gnu++20";
				CLANG_ENABLE_MODULES = YES;
				CLANG_ENABLE_OBJC_ARC = YES;
				CLANG_ENABLE_OBJC_WEAK = YES;
				CLANG_WARN_BLOCK_CAPTURE_AUTORELEASING = YES;
				CLANG_WARN_BOOL_CONVERSION = YES;
				CLANG_WARN_COMMA = YES;
				CLANG_WARN_CONSTANT_CONVERSION = YES;
				CLANG_WARN_DEPRECATED_OBJC_IMPLEMENTATIONS = YES;
				CLANG_WARN_DIRECT_OBJC_ISA_USAGE = YES_ERROR;
				CLANG_WARN_DOCUMENTATION_COMMENTS = YES;
				CLANG_WARN_EMPTY_BODY = YES;
				CLANG_WARN_ENUM_CONVERSION = YES;
				CLANG_WARN_INFINITE_RECURSION = YES;
				CLANG_WARN_INT_CONVERSION = YES;
				CLANG_WARN_NON_LITERAL_NULL_CONVERSION = YES;
				CLANG_WARN_OBJC_IMPLICIT_RETAIN_SELF = YES;
				CLANG_WARN_OBJC_LITERAL_CONVERSION = YES;
				CLANG_WARN_OBJC_ROOT_CLASS = YES_ERROR;
				CLANG_WARN_QUOTED_INCLUDE_IN_FRAMEWORK_HEADER = YES;
				CLANG_WARN_RANGE_LOOP_ANALYSIS = YES;
				CLANG_WARN_STRICT_PROTOTYPES = YES;
				CLANG_WARN_SUSPICIOUS_MOVE = YES;
				CLANG_WARN_UNGUARDED_AVAILABILITY = YES_AGGRESSIVE;
				CLANG_WARN_UNREACHABLE_CODE = YES;
				CLANG_WARN__DUPLICATE_METHOD_MATCH = YES;
				COPY_PHASE_STRIP = NO;
				DEBUG_INFORMATION_FORMAT = dwarf;
				ENABLE_STRICT_OBJC_MSGSEND = YES;
				ENABLE_TESTABILITY = YES;
				ENABLE_USER_SCRIPT_SANDBOXING = YES;
				GCC_C_LANGUAGE_STANDARD = gnu17;
				GCC_DYNAMIC_NO_PIC = NO;
				GCC_NO_COMMON_BLOCKS = YES;
				GCC_OPTIMIZATION_LEVEL = 0;
				GCC_PREPROCESSOR_DEFINITIONS = (
					"DEBUG=1",
					"$(inherited)",
				);
				GCC_WARN_64_TO_32_BIT_CONVERSION = YES;
				GCC_WARN_ABOUT_RETURN_TYPE = YES_ERROR;
				GCC_WARN_UNDECLARED_SELECTOR = YES;
				GCC_WARN_UNINITIALIZED_AUTOS = YES_AGGRESSIVE;
				GCC_WARN_UNUSED_FUNCTION = YES;
				GCC_WARN_UNUSED_VARIABLE = YES;
				IPHONEOS_DEPLOYMENT_TARGET = 17.2;
				LOCALIZATION_PREFERS_STRING_CATALOGS = YES;
				MTL_ENABLE_DEBUG_INFO = INCLUDE_SOURCE;
				MTL_FAST_MATH = YES;
				ONLY_ACTIVE_ARCH = YES;
				SDKROOT = iphoneos;
				SWIFT_ACTIVE_COMPILATION_CONDITIONS = "DEBUG $(inherited)";
				SWIFT_OPTIMIZATION_LEVEL = "-Onone";
			};
			name = Debug;
		};
		089E06D52BC5D74A00632641 /* Release */ = {
			isa = XCBuildConfiguration;
			buildSettings = {
				ALWAYS_SEARCH_USER_PATHS = NO;
				ASSETCATALOG_COMPILER_GENERATE_SWIFT_ASSET_SYMBOL_EXTENSIONS = YES;
				CLANG_ANALYZER_NONNULL = YES;
				CLANG_ANALYZER_NUMBER_OBJECT_CONVERSION = YES_AGGRESSIVE;
				CLANG_CXX_LANGUAGE_STANDARD = "gnu++20";
				CLANG_ENABLE_MODULES = YES;
				CLANG_ENABLE_OBJC_ARC = YES;
				CLANG_ENABLE_OBJC_WEAK = YES;
				CLANG_WARN_BLOCK_CAPTURE_AUTORELEASING = YES;
				CLANG_WARN_BOOL_CONVERSION = YES;
				CLANG_WARN_COMMA = YES;
				CLANG_WARN_CONSTANT_CONVERSION = YES;
				CLANG_WARN_DEPRECATED_OBJC_IMPLEMENTATIONS = YES;
				CLANG_WARN_DIRECT_OBJC_ISA_USAGE = YES_ERROR;
				CLANG_WARN_DOCUMENTATION_COMMENTS = YES;
				CLANG_WARN_EMPTY_BODY = YES;
				CLANG_WARN_ENUM_CONVERSION = YES;
				CLANG_WARN_INFINITE_RECURSION = YES;
				CLANG_WARN_INT_CONVERSION = YES;
				CLANG_WARN_NON_LITERAL_NULL_CONVERSION = YES;
				CLANG_WARN_OBJC_IMPLICIT_RETAIN_SELF = YES;
				CLANG_WARN_OBJC_LITERAL_CONVERSION = YES;
				CLANG_WARN_OBJC_ROOT_CLASS = YES_ERROR;
				CLANG_WARN_QUOTED_INCLUDE_IN_FRAMEWORK_HEADER = YES;
				CLANG_WARN_RANGE_LOOP_ANALYSIS = YES;
				CLANG_WARN_STRICT_PROTOTYPES = YES;
				CLANG_WARN_SUSPICIOUS_MOVE = YES;
				CLANG_WARN_UNGUARDED_AVAILABILITY = YES_AGGRESSIVE;
				CLANG_WARN_UNREACHABLE_CODE = YES;
				CLANG_WARN__DUPLICATE_METHOD_MATCH = YES;
				COPY_PHASE_STRIP = NO;
				DEBUG_INFORMATION_FORMAT = "dwarf-with-dsym";
				ENABLE_NS_ASSERTIONS = NO;
				ENABLE_STRICT_OBJC_MSGSEND = YES;
				ENABLE_USER_SCRIPT_SANDBOXING = YES;
				GCC_C_LANGUAGE_STANDARD = gnu17;
				GCC_NO_COMMON_BLOCKS = YES;
				GCC_WARN_64_TO_32_BIT_CONVERSION = YES;
				GCC_WARN_ABOUT_RETURN_TYPE = YES_ERROR;
				GCC_WARN_UNDECLARED_SELECTOR = YES;
				GCC_WARN_UNINITIALIZED_AUTOS = YES_AGGRESSIVE;
				GCC_WARN_UNUSED_FUNCTION = YES;
				GCC_WARN_UNUSED_VARIABLE = YES;
				IPHONEOS_DEPLOYMENT_TARGET = 17.2;
				LOCALIZATION_PREFERS_STRING_CATALOGS = YES;
				MTL_ENABLE_DEBUG_INFO = NO;
				MTL_FAST_MATH = YES;
				SDKROOT = iphoneos;
				SWIFT_COMPILATION_MODE = wholemodule;
				VALIDATE_PRODUCT = YES;
			};
			name = Release;
		};
		089E06D72BC5D74A00632641 /* Debug */ = {
			isa = XCBuildConfiguration;
			buildSettings = {
				ASSETCATALOG_COMPILER_APPICON_NAME = AppIcon;
				ASSETCATALOG_COMPILER_GLOBAL_ACCENT_COLOR_NAME = AccentColor;
				CODE_SIGN_STYLE = Automatic;
				CURRENT_PROJECT_VERSION = 1;
				DEVELOPMENT_ASSET_PATHS = "\"SmartLabEntry/Preview Content\"";
				DEVELOPMENT_TEAM = 2NPB27G7C4;
				ENABLE_PREVIEWS = YES;
				GENERATE_INFOPLIST_FILE = YES;
				INFOPLIST_KEY_CFBundleDisplayName = "KTUN Ai Lab";
				INFOPLIST_KEY_UIApplicationSceneManifest_Generation = YES;
				INFOPLIST_KEY_UIApplicationSupportsIndirectInputEvents = YES;
				INFOPLIST_KEY_UILaunchScreen_Generation = YES;
				INFOPLIST_KEY_UISupportedInterfaceOrientations = UIInterfaceOrientationPortrait;
				LD_RUNPATH_SEARCH_PATHS = (
					"$(inherited)",
					"@executable_path/Frameworks",
				);
				MARKETING_VERSION = 1.0;
				PRODUCT_BUNDLE_IDENTIFIER = com.gtrows.SmartLabEntry;
				PRODUCT_NAME = "$(TARGET_NAME)";
				SUPPORTED_PLATFORMS = "iphoneos iphonesimulator";
				SUPPORTS_MACCATALYST = NO;
				SUPPORTS_MAC_DESIGNED_FOR_IPHONE_IPAD = YES;
				SUPPORTS_XR_DESIGNED_FOR_IPHONE_IPAD = YES;
				SWIFT_EMIT_LOC_STRINGS = YES;
				SWIFT_VERSION = 5.0;
				TARGETED_DEVICE_FAMILY = "1,2";
			};
			name = Debug;
		};
		089E06D82BC5D74A00632641 /* Release */ = {
			isa = XCBuildConfiguration;
			buildSettings = {
				ASSETCATALOG_COMPILER_APPICON_NAME = AppIcon;
				ASSETCATALOG_COMPILER_GLOBAL_ACCENT_COLOR_NAME = AccentColor;
				CODE_SIGN_STYLE = Automatic;
				CURRENT_PROJECT_VERSION = 1;
				DEVELOPMENT_ASSET_PATHS = "\"SmartLabEntry/Preview Content\"";
				DEVELOPMENT_TEAM = 2NPB27G7C4;
				ENABLE_PREVIEWS = YES;
				GENERATE_INFOPLIST_FILE = YES;
				INFOPLIST_KEY_CFBundleDisplayName = "KTUN Ai Lab";
				INFOPLIST_KEY_UIApplicationSceneManifest_Generation = YES;
				INFOPLIST_KEY_UIApplicationSupportsIndirectInputEvents = YES;
				INFOPLIST_KEY_UILaunchScreen_Generation = YES;
				INFOPLIST_KEY_UISupportedInterfaceOrientations = UIInterfaceOrientationPortrait;
				LD_RUNPATH_SEARCH_PATHS = (
					"$(inherited)",
					"@executable_path/Frameworks",
				);
				MARKETING_VERSION = 1.0;
				PRODUCT_BUNDLE_IDENTIFIER = com.gtrows.SmartLabEntry;
				PRODUCT_NAME = "$(TARGET_NAME)";
				SUPPORTED_PLATFORMS = "iphoneos iphonesimulator";
				SUPPORTS_MACCATALYST = NO;
				SUPPORTS_MAC_DESIGNED_FOR_IPHONE_IPAD = YES;
				SUPPORTS_XR_DESIGNED_FOR_IPHONE_IPAD = YES;
				SWIFT_EMIT_LOC_STRINGS = YES;
				SWIFT_VERSION = 5.0;
				TARGETED_DEVICE_FAMILY = "1,2";
			};
			name = Release;
		};
/* End XCBuildConfiguration section */

/* Begin XCConfigurationList section */
		089E06C32BC5D74900632641 /* Build configuration list for PBXProject "SmartLabEntry" */ = {
			isa = XCConfigurationList;
			buildConfigurations = (
				089E06D42BC5D74A00632641 /* Debug */,
				089E06D52BC5D74A00632641 /* Release */,
			);
			defaultConfigurationIsVisible = 0;
			defaultConfigurationName = Release;
		};
		089E06D62BC5D74A00632641 /* Build configuration list for PBXNativeTarget "SmartLabEntry" */ = {
			isa = XCConfigurationList;
			buildConfigurations = (
				089E06D72BC5D74A00632641 /* Debug */,
				089E06D82BC5D74A00632641 /* Release */,
			);
			defaultConfigurationIsVisible = 0;
			defaultConfigurationName = Release;
		};
/* End XCConfigurationList section */

/* Begin XCRemoteSwiftPackageReference section */
		082EC2582C1A836500F88D8D /* XCRemoteSwiftPackageReference "SwiftUI-Shimmer" */ = {
			isa = XCRemoteSwiftPackageReference;
			repositoryURL = "https://github.com/markiv/SwiftUI-Shimmer";
			requirement = {
				kind = upToNextMajorVersion;
				minimumVersion = 1.5.0;
			};
		};
		0844D4B22C1629D500726A1E /* XCRemoteSwiftPackageReference "firebase-ios-sdk" */ = {
			isa = XCRemoteSwiftPackageReference;
			repositoryURL = "https://github.com/firebase/firebase-ios-sdk.git";
			requirement = {
				kind = upToNextMajorVersion;
				minimumVersion = 10.27.0;
			};
		};
		0844D4B52C1629F700726A1E /* XCRemoteSwiftPackageReference "SwiftUIPager" */ = {
			isa = XCRemoteSwiftPackageReference;
			repositoryURL = "https://github.com/fermoya/SwiftUIPager.git";
			requirement = {
				kind = upToNextMajorVersion;
				minimumVersion = 2.5.0;
			};
		};
		0844D4BB2C162AAA00726A1E /* XCRemoteSwiftPackageReference "SwipeActions" */ = {
			isa = XCRemoteSwiftPackageReference;
			repositoryURL = "https://github.com/aheze/SwipeActions";
			requirement = {
				kind = upToNextMajorVersion;
				minimumVersion = 1.1.0;
			};
		};
		0844D4BE2C162B0800726A1E /* XCRemoteSwiftPackageReference "Alamofire" */ = {
			isa = XCRemoteSwiftPackageReference;
			repositoryURL = "https://github.com/Alamofire/Alamofire.git";
			requirement = {
				kind = upToNextMajorVersion;
				minimumVersion = 5.9.1;
			};
		};
/* End XCRemoteSwiftPackageReference section */

/* Begin XCSwiftPackageProductDependency section */
		082EC2592C1A836500F88D8D /* Shimmer */ = {
			isa = XCSwiftPackageProductDependency;
			package = 082EC2582C1A836500F88D8D /* XCRemoteSwiftPackageReference "SwiftUI-Shimmer" */;
			productName = Shimmer;
		};
		0844D4B32C1629D500726A1E /* FirebaseAuth */ = {
			isa = XCSwiftPackageProductDependency;
			package = 0844D4B22C1629D500726A1E /* XCRemoteSwiftPackageReference "firebase-ios-sdk" */;
			productName = FirebaseAuth;
		};
		0844D4B62C1629F700726A1E /* SwiftUIPager */ = {
			isa = XCSwiftPackageProductDependency;
			package = 0844D4B52C1629F700726A1E /* XCRemoteSwiftPackageReference "SwiftUIPager" */;
			productName = SwiftUIPager;
		};
		0844D4BC2C162AAA00726A1E /* SwipeActions */ = {
			isa = XCSwiftPackageProductDependency;
			package = 0844D4BB2C162AAA00726A1E /* XCRemoteSwiftPackageReference "SwipeActions" */;
			productName = SwipeActions;
		};
		0844D4BF2C162B0800726A1E /* Alamofire */ = {
			isa = XCSwiftPackageProductDependency;
			package = 0844D4BE2C162B0800726A1E /* XCRemoteSwiftPackageReference "Alamofire" */;
			productName = Alamofire;
		};
/* End XCSwiftPackageProductDependency section */
	};
	rootObject = 089E06C02BC5D74900632641 /* Project object */;
}
